<?xml version="1.0" encoding="UTF-8"?>
<Scheme
   LastUpgradeVersion = "1430"
   version = "1.7">
   <BuildAction
      parallelizeBuildables = "YES"
      buildImplicitDependencies = "YES">
      <BuildActionEntries>
         <BuildActionEntry
            buildForTesting = "YES"
            buildForRunning = "YES"
            buildForProfiling = "YES"
            buildForArchiving = "YES"
            buildForAnalyzing = "YES">
            <BuildableReference
               BuildableIdentifier = "primary"
               BlueprintIdentifier = "160C71CC35ECD0DE4AD0BCA8"
               BuildableName = "AppAudium.app"
               BlueprintName = "AppAudium - App"
               ReferencedContainer = "container:AppAudium.xcodeproj">
            </BuildableReference>
         </BuildActionEntry>
      </BuildActionEntries>
   </BuildAction>
   <TestAction
      buildConfiguration = "Debug"
      selectedDebuggerIdentifier = "Xcode.DebuggerFoundation.Debugger.LLDB"
      selectedLauncherIdentifier = "Xcode.DebuggerFoundation.Launcher.LLDB"
      shouldUseLaunchSchemeArgsEnv = "YES"
      shouldAutocreateTestPlan = "YES">
   </TestAction>
   <LaunchAction
      buildConfiguration = "Debug"
      selectedDebuggerIdentifier = "Xcode.DebuggerFoundation.Debugger.LLDB"
      selectedLauncherIdentifier = "Xcode.DebuggerFoundation.Launcher.LLDB"
      launchStyle = "0"
      useCustomWorkingDirectory = "NO"
      ignoresPersistentStateOnLaunch = "NO"
      debugDocumentVersioning = "YES"
      debugServiceExtension = "internal"
      allowLocationSimulation = "YES">
      <BuildableProductRunnable
         runnableDebuggingMode = "0">
         <BuildableReference
            BuildableIdentifier = "primary"
            BlueprintIdentifier = "160C71CC35ECD0DE4AD0BCA8"
            BuildableName = "AppAudium.app"
            BlueprintName = "AppAudium - App"
            ReferencedContainer = "container:AppAudium.xcodeproj">
         </BuildableReference>
      </BuildableProductRunnable>
      <EnvironmentVariables>
         <EnvironmentVariable
            key = "PYTHONPATH"
            value = "/usr/local/lib/python3.11/site-packages:/Users/klausvoltmer/dev/smp_base:/Users/klausvoltmer/dev/smp_audio:/Users/klausvoltmer/dev/gaborgandalf"
            isEnabled = "YES">
         </EnvironmentVariable>
         <EnvironmentVariable
            key = "PATH"
            value = "/usr/local/bin:/usr/local/sbin:/opt/homebrew/opt/openjdk/bin:/usr/local/bin:/usr/local/sbin:/opt/homebrew/opt/openjdk/bin:/usr/local/bin:/usr/local/sbin:/opt/homebrew/opt/openjdk/bin:/Users/klausvoltmer/.nvm/versions/node/v14.20.0/bin:/opt/homebrew/bin:/opt/homebrew/sbin:/usr/local/bin:/System/Cryptexes/App/usr/bin:/usr/bin:/bin:/usr/sbin:/sbin:/Library/Apple/usr/bin:/var/run/com.apple.security.cryptexd/codex.system/bootstrap/usr/local/bin:/var/run/com.apple.security.cryptexd/codex.system/bootstrap/usr/bin:/var/run/com.apple.security.cryptexd/codex.system/bootstrap/usr/appleinternal/bin:/Users/klausvoltmer/Library/Android/sdk/platform-tools:/opt/homebrew/Cellar/cmake/3.22.3/bin:/Users/klausvoltmer/Library/Android/sdk/cmake/3.6.4111459/bin:/opt/homebrew/opt/python@3.9/libexec/bin"
            isEnabled = "YES">
         </EnvironmentVariable>
      </EnvironmentVariables>
   </LaunchAction>
   <ProfileAction
      buildConfiguration = "Release"
      shouldUseLaunchSchemeArgsEnv = "YES"
      savedToolIdentifier = ""
      useCustomWorkingDirectory = "NO"
      debugDocumentVersioning = "YES">
      <BuildableProductRunnable
         runnableDebuggingMode = "0">
         <BuildableReference
            BuildableIdentifier = "primary"
            BlueprintIdentifier = "160C71CC35ECD0DE4AD0BCA8"
            BuildableName = "AppAudium.app"
            BlueprintName = "AppAudium - App"
            ReferencedContainer = "container:AppAudium.xcodeproj">
         </BuildableReference>
      </BuildableProductRunnable>
   </ProfileAction>
   <AnalyzeAction
      buildConfiguration = "Debug">
   </AnalyzeAction>
   <ArchiveAction
      buildConfiguration = "Release"
      revealArchiveInOrganizer = "YES">
   </ArchiveAction>
</Scheme>
