// !$*UTF8*$!
{
	archiveVersion = 1;
	classes = {
	};
	objectVersion = 46;
	objects = {

/* Begin PBXBuildFile section */
		090A584AB0AC23AB9528BCCD /* EngineAccess.cpp */ = {isa = PBXBuildFile; fileRef = 15B08AD17A4543A6F9323602; };
		09DA1E72737CDFF5EBF24565 /* include_juce_gui_basics.mm */ = {isa = PBXBuildFile; fileRef = 93967D9818A6F5B95C07B32B; };
		0C3BAE8434739A44310CB17E /* AudioGroupListBoxModel.cpp */ = {isa = PBXBuildFile; fileRef = 53CA97D0EE689CCB83AD194E; };
		0CFC3D74B01485B8E350B299 /* ArrangementGroupComponent.cpp */ = {isa = PBXBuildFile; fileRef = 6D18E70CE8E175A3D78ABF5F; };
		0ED909B948FDDBF4CB7E2510 /* AudiumMenuModel.cpp */ = {isa = PBXBuildFile; fileRef = 6281C6C7B678AEFB2F47C339; };
		14C53151AB22EE2F0BA96F36 /* AudioToolbox.framework */ = {isa = PBXBuildFile; fileRef = BC325BA600975DA123084DA3; };
		166F04F1CEEC30DE3FE692E0 /* MetalKit.framework */ = {isa = PBXBuildFile; fileRef = DACCB6E5DE52ECB29A1B1574; settings = { ATTRIBUTES = (Weak, ); }; };
		167269CB4D148F8798D9FE23 /* RegionTableListBox.cpp */ = {isa = PBXBuildFile; fileRef = 00B0848F45E53B0B0D3D8AFB; };
		180447DE5C9821AF7DB381D9 /* PlayListComponent.cpp */ = {isa = PBXBuildFile; fileRef = BE87328F6D75995A9B23C9EF; };
		23874446D4D448B966D134F7 /* QuartzCore.framework */ = {isa = PBXBuildFile; fileRef = BD120C92EBF0312BF1D4DBB1; };
		25CA3F65B774F34F76468809 /* PlayListItemComponent.cpp */ = {isa = PBXBuildFile; fileRef = 4B7F78AB457B000D361921A6; };
		28D0D35B318F71C7C90D0E5E /* WebKit.framework */ = {isa = PBXBuildFile; fileRef = B49AA8C79C8A8C9FCDA5A44C; };
		2ADE5191AED619A3F7F5520A /* RecentFilesMenuTemplate.nib */ = {isa = PBXBuildFile; fileRef = 57548F766A379B66DB3C67F7; };
		2C0D16C8A70F3A71D3336D6A /* Metal.framework */ = {isa = PBXBuildFile; fileRef = 1F44340B66A109B0DEE52DF7; settings = { ATTRIBUTES = (Weak, ); }; };
		2C317733B07AECA65EA0862F /* AudiumLookAndFeel.cpp */ = {isa = PBXBuildFile; fileRef = 8715E10D92C11AA88EAF3D05; };
		311E79951666AFFF15643523 /* include_juce_gui_extra.mm */ = {isa = PBXBuildFile; fileRef = FF8A35828E245DC65B5D294B; };
		33E3EB71FAB42C1B5DFB6F79 /* include_juce_data_structures.mm */ = {isa = PBXBuildFile; fileRef = F9816C9AA6BF2BC4109172C2; };
		3511CED8CECC0D7EB195CB8F /* PlayListContainer.cpp */ = {isa = PBXBuildFile; fileRef = F0C4F5AE7B7A830FDF5AEC81; };
		3886E546FC38F3D25492FB2C /* AudiumEngine.cpp */ = {isa = PBXBuildFile; fileRef = 520E7150F3B0BE3B50B1C93A; };
		3CC8732FBE5A8FEFD49D5D4B /* RegionTableListBoxModel.cpp */ = {isa = PBXBuildFile; fileRef = 9292A8E7A85A45C8828834D3; };
		3F9482CA60D21CF6105DE20B /* AudioResource.cpp */ = {isa = PBXBuildFile; fileRef = 332BA11702CE2968C66F90B4; };
		40A419903992121036F44F2D /* PlayListItem.cpp */ = {isa = PBXBuildFile; fileRef = 78220737D71F4A95C1825E8A; };
		43269E7B8FA7BF40B55404E1 /* LevelMeter.cpp */ = {isa = PBXBuildFile; fileRef = 41C5D3B1E81DCFA1BE08D14C; };
		4389F0A70D95B391299DD65C /* CoreAudioKit.framework */ = {isa = PBXBuildFile; fileRef = 456D6880C88C5B41AA87CBB2; };
		488B5BA2D84097998A7E56BB /* include_juce_events.mm */ = {isa = PBXBuildFile; fileRef = 0CDA913D361373B7AC9537C3; };
		4ABF177467832242153DF416 /* Main.cpp */ = {isa = PBXBuildFile; fileRef = 6635C70632EE050E628A48F0; };
		4AEB71E53A29D683D72A9F41 /* audium_ListBox.cpp */ = {isa = PBXBuildFile; fileRef = A96B870D734284F177524816; };
		4CA291EE967A9CDB338E14FD /* include_juce_dsp.mm */ = {isa = PBXBuildFile; fileRef = E138ACDCC3A702D0B7A742EF; };
		5286B01DB14BE28BDA88F629 /* AutoEditComponent.cpp */ = {isa = PBXBuildFile; fileRef = E7074F66C3DD69F43FBB467D; };
		5C62C0C8EE35E00AC1B8E3AC /* RightPanelComponent.cpp */ = {isa = PBXBuildFile; fileRef = BCC2B6A9AAC816A403A24E63; };
		63AE7E83398F33BA6144FBD5 /* PlayListTableListBoxItem.cpp */ = {isa = PBXBuildFile; fileRef = 7E44DB630C41B875C940DDCD; };
		68EB658E314D29C5272125F7 /* include_juce_audio_processors.mm */ = {isa = PBXBuildFile; fileRef = 25423A74B016191855679F72; };
		69C938DD131F1E1F748770D0 /* ChannelComponent.cpp */ = {isa = PBXBuildFile; fileRef = E460A10ACA07926504BD4E72; };
		6A1F23F8AEA0A95B975AB20E /* TransportSourceContainer.cpp */ = {isa = PBXBuildFile; fileRef = E5935523B78925C658B9086B; };
		6BD9E0BBB60EAD02583E8F7C /* Preferences.cpp */ = {isa = PBXBuildFile; fileRef = 352338A322365BD5C3C74D37; };
		70B2DEE669A0AD9E8F038235 /* DiscRecording.framework */ = {isa = PBXBuildFile; fileRef = 22AD7FAA33DF69C2DCCA4667; };
		71175A5E1AF2FE25885C5CFC /* MainComponent.cpp */ = {isa = PBXBuildFile; fileRef = 11ABDB8E5A840910E3FD71B8; };
		7C1BC6DE3C7149A4C1BF7A09 /* CoreAudio.framework */ = {isa = PBXBuildFile; fileRef = 7DBC95C19E562AB57CAF2EA8; };
		7D6DB9449B760A5CC4C62429 /* LinkAudioDevice.cpp */ = {isa = PBXBuildFile; fileRef = 817FA0302FB2D6FBC495236D; };
		824FA205F1CE43AABCC7C135 /* LinkEngine.cpp */ = {isa = PBXBuildFile; fileRef = A106C95595EC1075A3006383; };
		8827D5B86EADB8CB6F36A795 /* Accelerate.framework */ = {isa = PBXBuildFile; fileRef = 5021A59AD0929868402BFD6B; };
		8C4692341D2989171369C296 /* include_juce_audio_processors_lv2_libs.cpp */ = {isa = PBXBuildFile; fileRef = 99EC09CF576D0301C44A6777; };
		8D0290B779E10141A72692AF /* include_juce_audio_formats.mm */ = {isa = PBXBuildFile; fileRef = 7A3311AE998AACD2A1510C86; };
		8D8400584C5C1D895C098B5A /* ZoomHandler.cpp */ = {isa = PBXBuildFile; fileRef = 1CC6D2F41DEFEC0E947D67C4; };
		94856FC278508DBFE75FBA58 /* AudiumApplication.cpp */ = {isa = PBXBuildFile; fileRef = 462481D51BD3607FCD44651D; };
		99F8B7CF1F50B336192CD3FA /* include_juce_analytics.cpp */ = {isa = PBXBuildFile; fileRef = 7F26B1EEC3E92CB4A2D3D156; };
		9AA5ACB43D75D718D1D16B1E /* RegionSelector.cpp */ = {isa = PBXBuildFile; fileRef = BC912F2C45ABACEAA30761C1; };
		9D99CD2A2F0E3FFF17004F30 /* CoreMIDI.framework */ = {isa = PBXBuildFile; fileRef = 3F436BA69588E2039CDFB0F5; };
		A25554A3BF9E9337D3E828D2 /* AudioGroup.cpp */ = {isa = PBXBuildFile; fileRef = D51C601FA6921E640C18B7FF; };
		A6FD4803C8F8414C066B9B62 /* Security.framework */ = {isa = PBXBuildFile; fileRef = A7F36F4ACE445A9F659EE136; };
		A88A358B1261DB60A7CB582F /* AudioResourceContainer.cpp */ = {isa = PBXBuildFile; fileRef = 8AD81791B89E55FB8C43535A; };
		A9E55BF560082E1CF746A28F /* AudioGroupContainer.cpp */ = {isa = PBXBuildFile; fileRef = FC41BCDB5A29B566C1100630; };
		B6BDA9CBF787EAE4A4B88B61 /* GroupBaseComponent.cpp */ = {isa = PBXBuildFile; fileRef = BB45A7A49C70B896D7206B6A; };
		C575E8965634F5A9854889EE /* PlayListContainerComponent.cpp */ = {isa = PBXBuildFile; fileRef = EDD9561EE704339EB0B3F25B; };
		C8949253863B11F346377536 /* HeaderComponent.cpp */ = {isa = PBXBuildFile; fileRef = 4468CC1C68E6B9520FDF6E20; };
		CDA95CD2511DEFBB590AA722 /* AutoEdit.cpp */ = {isa = PBXBuildFile; fileRef = 9BF7BC63A9CB9770D4AA89B3; };
		D378E780FCD2FF4680CF5E6D /* include_juce_audio_utils.mm */ = {isa = PBXBuildFile; fileRef = EFB67C5172FD56D59C0F3443; };
		D3A2B0EB82EB2FAD1C34827B /* AudiumFactory.cpp */ = {isa = PBXBuildFile; fileRef = EF8DD043B0CEFFAC7AFE5227; };
		D50EA7BFEDBE0DB7D353D9A1 /* include_juce_audio_basics.mm */ = {isa = PBXBuildFile; fileRef = 326D33688206104FED891964; };
		D600631B51AD273F6E2D7F92 /* AudioResourceView.cpp */ = {isa = PBXBuildFile; fileRef = E3BA2FC7B3B79BEDB0107D49; };
		D6A79C7A4AF7054520DA5345 /* IOKit.framework */ = {isa = PBXBuildFile; fileRef = 9C0222C44693315A9F66945C; };
		DA3C6CA0B69C630A79AAB6FE /* AudioGroupListBox.cpp */ = {isa = PBXBuildFile; fileRef = 6AF4E56914CFCE4164489808; };
		DD7FA514741BD80EB9EA9F19 /* AudiumMainWindow.cpp */ = {isa = PBXBuildFile; fileRef = 99CF1EA9B471BEDBBEEAACCB; };
		E4B83AB0CD765FE9A893B841 /* RegionEditControl.cpp */ = {isa = PBXBuildFile; fileRef = D086E09B1C51205513609A0B; };
		E5BC37445419CCDC9A21E3AB /* include_juce_audio_devices.mm */ = {isa = PBXBuildFile; fileRef = 5344BD32D0ED9D07F10C2309; };
		E6C80767828DC715C269562F /* Cocoa.framework */ = {isa = PBXBuildFile; fileRef = 6373A60BC5F852259A3F5976; };
		E7545CCAEB8945B676D67DF6 /* include_juce_audio_processors_ara.cpp */ = {isa = PBXBuildFile; fileRef = 104BFF64B92517E032E9A097; };
		E87B67A6D7DDC0765008F70B /* include_juce_graphics.mm */ = {isa = PBXBuildFile; fileRef = 7E08ED9600CBA2E3D9B1D88F; };
		E9EB3C5D6E72B5E2028AADF8 /* App */ = {isa = PBXBuildFile; fileRef = 65EE5B24CA6AA1915694E01E; };
		ED856071EC90DCF2523AF785 /* AudioRegion.cpp */ = {isa = PBXBuildFile; fileRef = 4DE814A90D92C1476D1E560A; };
		F687ABFD320ED8F7494336AB /* AudioRegionView.cpp */ = {isa = PBXBuildFile; fileRef = 80A7607D4A9CE5B5D5107580; };
		F6DB9E50FB9B911D1D30AA15 /* PlayListScheduler.cpp */ = {isa = PBXBuildFile; fileRef = 5FD6D72AF76F4D6569EBD29F; };
		F83BD807066141684D3FFFA1 /* AudioRegionContainer.cpp */ = {isa = PBXBuildFile; fileRef = D4D5A4A65120A0024822645B; };
		F8A5824CE4CA1F351CA4B826 /* include_juce_core.mm */ = {isa = PBXBuildFile; fileRef = A224A208AE5292EA25E5E2C4; };
		F9622B4FD29786943BF0A9B0 /* Foundation.framework */ = {isa = PBXBuildFile; fileRef = 6236F154DF8AAC28C4F42CBA; };
/* End PBXBuildFile section */

/* Begin PBXFileReference section */
		00B0848F45E53B0B0D3D8AFB /* RegionTableListBox.cpp */ /* RegionTableListBox.cpp */ = {isa = PBXFileReference; lastKnownFileType = sourcecode.cpp.cpp; name = RegionTableListBox.cpp; path = ../../Source/Interface/Controls/RegionTableListBox.cpp; sourceTree = SOURCE_ROOT; };
		03DF3A11364360FFACBE47A6 /* PlayListComponent.h */ /* PlayListComponent.h */ = {isa = PBXFileReference; lastKnownFileType = sourcecode.c.h; name = PlayListComponent.h; path = ../../Source/Interface/Components/RightPanel/PlayListComponent.h; sourceTree = SOURCE_ROOT; };
		05B46617E562A6E50F8D63E8 /* ZoomHandler.h */ /* ZoomHandler.h */ = {isa = PBXFileReference; lastKnownFileType = sourcecode.c.h; name = ZoomHandler.h; path = ../../Source/Interface/Handlers/ZoomHandler.h; sourceTree = SOURCE_ROOT; };
		068707BEEF91E3C5815141F9 /* AudioResourceFactory.h */ /* AudioResourceFactory.h */ = {isa = PBXFileReference; lastKnownFileType = sourcecode.c.h; name = AudioResourceFactory.h; path = ../../Source/Engine/Factory/AudioResourceFactory.h; sourceTree = SOURCE_ROOT; };
		09200639918EB49CFF3382BE /* PlayListItem.h */ /* PlayListItem.h */ = {isa = PBXFileReference; lastKnownFileType = sourcecode.c.h; name = PlayListItem.h; path = ../../Source/Engine/PlayList/PlayListItem.h; sourceTree = SOURCE_ROOT; };
		0CDA913D361373B7AC9537C3 /* include_juce_events.mm */ /* include_juce_events.mm */ = {isa = PBXFileReference; lastKnownFileType = sourcecode.cpp.objcpp; name = include_juce_events.mm; path = ../../JuceLibraryCode/include_juce_events.mm; sourceTree = SOURCE_ROOT; };
		0E351B81876F1819B0545519 /* TransportView.h */ /* TransportView.h */ = {isa = PBXFileReference; lastKnownFileType = sourcecode.c.h; name = TransportView.h; path = ../../Source/Interface/Views/TransportView.h; sourceTree = SOURCE_ROOT; };
		0F438419DAEA923F36640757 /* PlayListItemComponent.h */ /* PlayListItemComponent.h */ = {isa = PBXFileReference; lastKnownFileType = sourcecode.c.h; name = PlayListItemComponent.h; path = ../../Source/Interface/Components/MiddlePanel/ArrangementView/PlayListItemComponent.h; sourceTree = SOURCE_ROOT; };
		104BFF64B92517E032E9A097 /* include_juce_audio_processors_ara.cpp */ /* include_juce_audio_processors_ara.cpp */ = {isa = PBXFileReference; lastKnownFileType = sourcecode.cpp.cpp; name = include_juce_audio_processors_ara.cpp; path = ../../JuceLibraryCode/include_juce_audio_processors_ara.cpp; sourceTree = SOURCE_ROOT; };
		11ABDB8E5A840910E3FD71B8 /* MainComponent.cpp */ /* MainComponent.cpp */ = {isa = PBXFileReference; lastKnownFileType = sourcecode.cpp.cpp; name = MainComponent.cpp; path = ../../Source/Interface/Components/MainComponent.cpp; sourceTree = SOURCE_ROOT; };
		15B08AD17A4543A6F9323602 /* EngineAccess.cpp */ /* EngineAccess.cpp */ = {isa = PBXFileReference; lastKnownFileType = sourcecode.cpp.cpp; name = EngineAccess.cpp; path = ../../Source/Util/EngineAccess.cpp; sourceTree = SOURCE_ROOT; };
		165654E9D1DC2FF03045843C /* AudiumEngine.h */ /* AudiumEngine.h */ = {isa = PBXFileReference; lastKnownFileType = sourcecode.c.h; name = AudiumEngine.h; path = ../../Source/Engine/AudiumEngine.h; sourceTree = SOURCE_ROOT; };
		17F1E3D64CE6F24C735B64BA /* AudioResourceView.h */ /* AudioResourceView.h */ = {isa = PBXFileReference; lastKnownFileType = sourcecode.c.h; name = AudioResourceView.h; path = ../../Source/Interface/Views/AudioResourceView.h; sourceTree = SOURCE_ROOT; };
		1CC6D2F41DEFEC0E947D67C4 /* ZoomHandler.cpp */ /* ZoomHandler.cpp */ = {isa = PBXFileReference; lastKnownFileType = sourcecode.cpp.cpp; name = ZoomHandler.cpp; path = ../../Source/Interface/Handlers/ZoomHandler.cpp; sourceTree = SOURCE_ROOT; };
		1F44340B66A109B0DEE52DF7 /* Metal.framework */ /* Metal.framework */ = {isa = PBXFileReference; lastKnownFileType = wrapper.framework; name = Metal.framework; path = System/Library/Frameworks/Metal.framework; sourceTree = SDKROOT; };
		20C02FEAB38C7AE1951EA655 /* juce_gui_extra */ /* juce_gui_extra */ = {isa = PBXFileReference; lastKnownFileType = folder; name = juce_gui_extra; path = ../../../Submodules/juce/modules/juce_gui_extra; sourceTree = SOURCE_ROOT; };
		21E8218C5578FAF32AEE977E /* LevelMeter.h */ /* LevelMeter.h */ = {isa = PBXFileReference; lastKnownFileType = sourcecode.c.h; name = LevelMeter.h; path = ../../Source/Interface/Controls/LevelMeter.h; sourceTree = SOURCE_ROOT; };
		22AD7FAA33DF69C2DCCA4667 /* DiscRecording.framework */ /* DiscRecording.framework */ = {isa = PBXFileReference; lastKnownFileType = wrapper.framework; name = DiscRecording.framework; path = System/Library/Frameworks/DiscRecording.framework; sourceTree = SDKROOT; };
		24F5063E15B125FCE205B79F /* RegionTableListBoxModel.h */ /* RegionTableListBoxModel.h */ = {isa = PBXFileReference; lastKnownFileType = sourcecode.c.h; name = RegionTableListBoxModel.h; path = ../../Source/Interface/Models/RegionTableListBoxModel.h; sourceTree = SOURCE_ROOT; };
		25423A74B016191855679F72 /* include_juce_audio_processors.mm */ /* include_juce_audio_processors.mm */ = {isa = PBXFileReference; lastKnownFileType = sourcecode.cpp.objcpp; name = include_juce_audio_processors.mm; path = ../../JuceLibraryCode/include_juce_audio_processors.mm; sourceTree = SOURCE_ROOT; };
		2939FFF512D6CAC49E48AE7D /* PlayListTableListBoxModel.h */ /* PlayListTableListBoxModel.h */ = {isa = PBXFileReference; lastKnownFileType = sourcecode.c.h; name = PlayListTableListBoxModel.h; path = ../../Source/Interface/Models/PlayListTableListBoxModel.h; sourceTree = SOURCE_ROOT; };
		2B3D46B4A25BB609791350BD /* TempoProvider.h */ /* TempoProvider.h */ = {isa = PBXFileReference; lastKnownFileType = sourcecode.c.h; name = TempoProvider.h; path = ../../Source/Engine/Provider/TempoProvider.h; sourceTree = SOURCE_ROOT; };
		2E146D46199124CB4DC74349 /* AudiumMenuModel.h */ /* AudiumMenuModel.h */ = {isa = PBXFileReference; lastKnownFileType = sourcecode.c.h; name = AudiumMenuModel.h; path = ../../Source/Application/AudiumMenuModel.h; sourceTree = SOURCE_ROOT; };
		3112F89ABC344D7CA74013C6 /* AudiumMainWindow.h */ /* AudiumMainWindow.h */ = {isa = PBXFileReference; lastKnownFileType = sourcecode.c.h; name = AudiumMainWindow.h; path = ../../Source/Application/AudiumMainWindow.h; sourceTree = SOURCE_ROOT; };
		326D33688206104FED891964 /* include_juce_audio_basics.mm */ /* include_juce_audio_basics.mm */ = {isa = PBXFileReference; lastKnownFileType = sourcecode.cpp.objcpp; name = include_juce_audio_basics.mm; path = ../../JuceLibraryCode/include_juce_audio_basics.mm; sourceTree = SOURCE_ROOT; };
		332BA11702CE2968C66F90B4 /* AudioResource.cpp */ /* AudioResource.cpp */ = {isa = PBXFileReference; lastKnownFileType = sourcecode.cpp.cpp; name = AudioResource.cpp; path = ../../Source/Engine/AudioResource.cpp; sourceTree = SOURCE_ROOT; };
		3352500C25930C824C7693FF /* AudioGroupListBox.h */ /* AudioGroupListBox.h */ = {isa = PBXFileReference; lastKnownFileType = sourcecode.c.h; name = AudioGroupListBox.h; path = ../../Source/Interface/Controls/AudioGroupListBox.h; sourceTree = SOURCE_ROOT; };
		352338A322365BD5C3C74D37 /* Preferences.cpp */ /* Preferences.cpp */ = {isa = PBXFileReference; lastKnownFileType = sourcecode.cpp.cpp; name = Preferences.cpp; path = ../../Source/Util/Preferences.cpp; sourceTree = SOURCE_ROOT; };
		374C4BF37F6562771F3007E6 /* TransportSourceContainer.h */ /* TransportSourceContainer.h */ = {isa = PBXFileReference; lastKnownFileType = sourcecode.c.h; name = TransportSourceContainer.h; path = ../../Source/Engine/TransportSourceContainer.h; sourceTree = SOURCE_ROOT; };
		381C16B10EEBED549FB2BBD2 /* juce_data_structures */ /* juce_data_structures */ = {isa = PBXFileReference; lastKnownFileType = folder; name = juce_data_structures; path = ../../../Submodules/juce/modules/juce_data_structures; sourceTree = SOURCE_ROOT; };
		39F7EDBD03245A407C8AAA0B /* AudioGroupListBoxModel.h */ /* AudioGroupListBoxModel.h */ = {isa = PBXFileReference; lastKnownFileType = sourcecode.c.h; name = AudioGroupListBoxModel.h; path = ../../Source/Interface/Models/AudioGroupListBoxModel.h; sourceTree = SOURCE_ROOT; };
		3AF4EE7AF9EAFD08F56B5F84 /* AudioRegionView.h */ /* AudioRegionView.h */ = {isa = PBXFileReference; lastKnownFileType = sourcecode.c.h; name = AudioRegionView.h; path = ../../Source/Interface/Views/AudioRegionView.h; sourceTree = SOURCE_ROOT; };
		3B45C1B587B072E12D0C8FD8 /* PlayListScheduler.h */ /* PlayListScheduler.h */ = {isa = PBXFileReference; lastKnownFileType = sourcecode.c.h; name = PlayListScheduler.h; path = ../../Source/Engine/PlayList/PlayListScheduler.h; sourceTree = SOURCE_ROOT; };
		3EAF65124DEAE2090689ABBB /* RegionComponent.h */ /* RegionComponent.h */ = {isa = PBXFileReference; lastKnownFileType = sourcecode.c.h; name = RegionComponent.h; path = ../../Source/Interface/Components/RightPanel/RegionComponent.h; sourceTree = SOURCE_ROOT; };
		3F436BA69588E2039CDFB0F5 /* CoreMIDI.framework */ /* CoreMIDI.framework */ = {isa = PBXFileReference; lastKnownFileType = wrapper.framework; name = CoreMIDI.framework; path = System/Library/Frameworks/CoreMIDI.framework; sourceTree = SDKROOT; };
		41C5D3B1E81DCFA1BE08D14C /* LevelMeter.cpp */ /* LevelMeter.cpp */ = {isa = PBXFileReference; lastKnownFileType = sourcecode.cpp.cpp; name = LevelMeter.cpp; path = ../../Source/Interface/Controls/LevelMeter.cpp; sourceTree = SOURCE_ROOT; };
		4468CC1C68E6B9520FDF6E20 /* HeaderComponent.cpp */ /* HeaderComponent.cpp */ = {isa = PBXFileReference; lastKnownFileType = sourcecode.cpp.cpp; name = HeaderComponent.cpp; path = ../../Source/Interface/Components/HeaderPanel/HeaderComponent.cpp; sourceTree = SOURCE_ROOT; };
		456D6880C88C5B41AA87CBB2 /* CoreAudioKit.framework */ /* CoreAudioKit.framework */ = {isa = PBXFileReference; lastKnownFileType = wrapper.framework; name = CoreAudioKit.framework; path = System/Library/Frameworks/CoreAudioKit.framework; sourceTree = SDKROOT; };
		462481D51BD3607FCD44651D /* AudiumApplication.cpp */ /* AudiumApplication.cpp */ = {isa = PBXFileReference; lastKnownFileType = sourcecode.cpp.cpp; name = AudiumApplication.cpp; path = ../../Source/Application/AudiumApplication.cpp; sourceTree = SOURCE_ROOT; };
		483FBB3F0EC1E3D8EFB8E078 /* AudiumLookAndFeel.h */ /* AudiumLookAndFeel.h */ = {isa = PBXFileReference; lastKnownFileType = sourcecode.c.h; name = AudiumLookAndFeel.h; path = ../../Source/Interface/AudiumLookAndFeel.h; sourceTree = SOURCE_ROOT; };
		492448CAB8596C414F7AF104 /* MiddlePanelComponent.h */ /* MiddlePanelComponent.h */ = {isa = PBXFileReference; lastKnownFileType = sourcecode.c.h; name = MiddlePanelComponent.h; path = ../../Source/Interface/Components/MiddlePanel/MiddlePanelComponent.h; sourceTree = SOURCE_ROOT; };
		49279BC62AD9FD1375CFBDD2 /* EditComponent.h */ /* EditComponent.h */ = {isa = PBXFileReference; lastKnownFileType = sourcecode.c.h; name = EditComponent.h; path = ../../Source/Interface/Components/MiddlePanel/EditView/EditComponent.h; sourceTree = SOURCE_ROOT; };
		4B7F78AB457B000D361921A6 /* PlayListItemComponent.cpp */ /* PlayListItemComponent.cpp */ = {isa = PBXFileReference; lastKnownFileType = sourcecode.cpp.cpp; name = PlayListItemComponent.cpp; path = ../../Source/Interface/Components/MiddlePanel/ArrangementView/PlayListItemComponent.cpp; sourceTree = SOURCE_ROOT; };
		4DE814A90D92C1476D1E560A /* AudioRegion.cpp */ /* AudioRegion.cpp */ = {isa = PBXFileReference; lastKnownFileType = sourcecode.cpp.cpp; name = AudioRegion.cpp; path = ../../Source/Engine/AudioRegion.cpp; sourceTree = SOURCE_ROOT; };
		4F52032EA1179E2EDC03E78A /* AutoEditComponent.h */ /* AutoEditComponent.h */ = {isa = PBXFileReference; lastKnownFileType = sourcecode.c.h; name = AutoEditComponent.h; path = ../../Source/Interface/Dialogs/AutoEditComponent.h; sourceTree = SOURCE_ROOT; };
		5021A59AD0929868402BFD6B /* Accelerate.framework */ /* Accelerate.framework */ = {isa = PBXFileReference; lastKnownFileType = wrapper.framework; name = Accelerate.framework; path = System/Library/Frameworks/Accelerate.framework; sourceTree = SDKROOT; };
		51A9292E8F72CB69DDEC3999 /* audium_ListBox.h */ /* audium_ListBox.h */ = {isa = PBXFileReference; lastKnownFileType = sourcecode.c.h; name = audium_ListBox.h; path = ../../Source/Interface/Widgets/audium_ListBox.h; sourceTree = SOURCE_ROOT; };
		520E7150F3B0BE3B50B1C93A /* AudiumEngine.cpp */ /* AudiumEngine.cpp */ = {isa = PBXFileReference; lastKnownFileType = sourcecode.cpp.cpp; name = AudiumEngine.cpp; path = ../../Source/Engine/AudiumEngine.cpp; sourceTree = SOURCE_ROOT; };
		5344BD32D0ED9D07F10C2309 /* include_juce_audio_devices.mm */ /* include_juce_audio_devices.mm */ = {isa = PBXFileReference; lastKnownFileType = sourcecode.cpp.objcpp; name = include_juce_audio_devices.mm; path = ../../JuceLibraryCode/include_juce_audio_devices.mm; sourceTree = SOURCE_ROOT; };
		53CA97D0EE689CCB83AD194E /* AudioGroupListBoxModel.cpp */ /* AudioGroupListBoxModel.cpp */ = {isa = PBXFileReference; lastKnownFileType = sourcecode.cpp.cpp; name = AudioGroupListBoxModel.cpp; path = ../../Source/Interface/Models/AudioGroupListBoxModel.cpp; sourceTree = SOURCE_ROOT; };
		54BC936418EEB155207FA796 /* juce_dsp */ /* juce_dsp */ = {isa = PBXFileReference; lastKnownFileType = folder; name = juce_dsp; path = ../../../Submodules/juce/modules/juce_dsp; sourceTree = SOURCE_ROOT; };
		55AF32834EF1E5E8AC38AEB8 /* ArrangementComponent.h */ /* ArrangementComponent.h */ = {isa = PBXFileReference; lastKnownFileType = sourcecode.c.h; name = ArrangementComponent.h; path = ../../Source/Interface/Components/MiddlePanel/ArrangementView/ArrangementComponent.h; sourceTree = SOURCE_ROOT; };
		56369103B83A1EC2994DF929 /* juce_audio_processors */ /* juce_audio_processors */ = {isa = PBXFileReference; lastKnownFileType = folder; name = juce_audio_processors; path = ../../../Submodules/juce/modules/juce_audio_processors; sourceTree = SOURCE_ROOT; };
		57548F766A379B66DB3C67F7 /* RecentFilesMenuTemplate.nib */ /* RecentFilesMenuTemplate.nib */ = {isa = PBXFileReference; lastKnownFileType = file.nib; name = RecentFilesMenuTemplate.nib; path = RecentFilesMenuTemplate.nib; sourceTree = SOURCE_ROOT; };
		580F0546329F53D3275E4369 /* RegionEditControl.h */ /* RegionEditControl.h */ = {isa = PBXFileReference; lastKnownFileType = sourcecode.c.h; name = RegionEditControl.h; path = ../../Source/Interface/Controls/RegionEditControl.h; sourceTree = SOURCE_ROOT; };
		5CB2F1A3CC2EAFD3BB0E4541 /* AudioResourceContainer.h */ /* AudioResourceContainer.h */ = {isa = PBXFileReference; lastKnownFileType = sourcecode.c.h; name = AudioResourceContainer.h; path = ../../Source/Engine/AudioResourceContainer.h; sourceTree = SOURCE_ROOT; };
		5FD6D72AF76F4D6569EBD29F /* PlayListScheduler.cpp */ /* PlayListScheduler.cpp */ = {isa = PBXFileReference; lastKnownFileType = sourcecode.cpp.cpp; name = PlayListScheduler.cpp; path = ../../Source/Engine/PlayList/PlayListScheduler.cpp; sourceTree = SOURCE_ROOT; };
		6236F154DF8AAC28C4F42CBA /* Foundation.framework */ /* Foundation.framework */ = {isa = PBXFileReference; lastKnownFileType = wrapper.framework; name = Foundation.framework; path = System/Library/Frameworks/Foundation.framework; sourceTree = SDKROOT; };
		62374E864665EF60C8BCB2C9 /* JuceHeader.h */ /* JuceHeader.h */ = {isa = PBXFileReference; lastKnownFileType = sourcecode.c.h; name = JuceHeader.h; path = ../../JuceLibraryCode/JuceHeader.h; sourceTree = SOURCE_ROOT; };
		6281C6C7B678AEFB2F47C339 /* AudiumMenuModel.cpp */ /* AudiumMenuModel.cpp */ = {isa = PBXFileReference; lastKnownFileType = sourcecode.cpp.cpp; name = AudiumMenuModel.cpp; path = ../../Source/Application/AudiumMenuModel.cpp; sourceTree = SOURCE_ROOT; };
		6373A60BC5F852259A3F5976 /* Cocoa.framework */ /* Cocoa.framework */ = {isa = PBXFileReference; lastKnownFileType = wrapper.framework; name = Cocoa.framework; path = System/Library/Frameworks/Cocoa.framework; sourceTree = SDKROOT; };
		649E0AC277EAA97B93042EF1 /* AudioGroupContainer.h */ /* AudioGroupContainer.h */ = {isa = PBXFileReference; lastKnownFileType = sourcecode.c.h; name = AudioGroupContainer.h; path = ../../Source/Engine/AudioGroupContainer.h; sourceTree = SOURCE_ROOT; };
		65EE5B24CA6AA1915694E01E /* App */ = {isa = PBXFileReference; explicitFileType = wrapper.application; includeInIndex = 0; path = AppAudium.app; sourceTree = BUILT_PRODUCTS_DIR; };
		65FA0FE104D1D2422632E136 /* AudiumCommandIDs.h */ /* AudiumCommandIDs.h */ = {isa = PBXFileReference; lastKnownFileType = sourcecode.c.h; name = AudiumCommandIDs.h; path = ../../Source/Application/AudiumCommandIDs.h; sourceTree = SOURCE_ROOT; };
		6635C70632EE050E628A48F0 /* Main.cpp */ /* Main.cpp */ = {isa = PBXFileReference; lastKnownFileType = sourcecode.cpp.cpp; name = Main.cpp; path = ../../Source/Application/Main.cpp; sourceTree = SOURCE_ROOT; };
		685048203793CB093B04D748 /* juce_graphics */ /* juce_graphics */ = {isa = PBXFileReference; lastKnownFileType = folder; name = juce_graphics; path = ../../../Submodules/juce/modules/juce_graphics; sourceTree = SOURCE_ROOT; };
		6AF4E56914CFCE4164489808 /* AudioGroupListBox.cpp */ /* AudioGroupListBox.cpp */ = {isa = PBXFileReference; lastKnownFileType = sourcecode.cpp.cpp; name = AudioGroupListBox.cpp; path = ../../Source/Interface/Controls/AudioGroupListBox.cpp; sourceTree = SOURCE_ROOT; };
		6D18E70CE8E175A3D78ABF5F /* ArrangementGroupComponent.cpp */ /* ArrangementGroupComponent.cpp */ = {isa = PBXFileReference; lastKnownFileType = sourcecode.cpp.cpp; name = ArrangementGroupComponent.cpp; path = ../../Source/Interface/Components/MiddlePanel/ArrangementView/ArrangementGroupComponent.cpp; sourceTree = SOURCE_ROOT; };
		6D6B56D06D09D45BD923C476 /* GroupBaseComponent.h */ /* GroupBaseComponent.h */ = {isa = PBXFileReference; lastKnownFileType = sourcecode.c.h; name = GroupBaseComponent.h; path = ../../Source/Interface/Components/MiddlePanel/GroupBaseComponent.h; sourceTree = SOURCE_ROOT; };
		6DA263F7CDEFFDFAC0EB223E /* RegionSelector.h */ /* RegionSelector.h */ = {isa = PBXFileReference; lastKnownFileType = sourcecode.c.h; name = RegionSelector.h; path = ../../Source/Interface/Controls/RegionSelector.h; sourceTree = SOURCE_ROOT; };
		6F75568B0D072582C1F4CE0A /* RegionTableListBox.h */ /* RegionTableListBox.h */ = {isa = PBXFileReference; lastKnownFileType = sourcecode.c.h; name = RegionTableListBox.h; path = ../../Source/Interface/Controls/RegionTableListBox.h; sourceTree = SOURCE_ROOT; };
		78220737D71F4A95C1825E8A /* PlayListItem.cpp */ /* PlayListItem.cpp */ = {isa = PBXFileReference; lastKnownFileType = sourcecode.cpp.cpp; name = PlayListItem.cpp; path = ../../Source/Engine/PlayList/PlayListItem.cpp; sourceTree = SOURCE_ROOT; };
		7A3311AE998AACD2A1510C86 /* include_juce_audio_formats.mm */ /* include_juce_audio_formats.mm */ = {isa = PBXFileReference; lastKnownFileType = sourcecode.cpp.objcpp; name = include_juce_audio_formats.mm; path = ../../JuceLibraryCode/include_juce_audio_formats.mm; sourceTree = SOURCE_ROOT; };
		7D9939772D1857BAF66CBFDC /* ArrangementEditBaseComponent.h */ /* ArrangementEditBaseComponent.h */ = {isa = PBXFileReference; lastKnownFileType = sourcecode.c.h; name = ArrangementEditBaseComponent.h; path = ../../Source/Interface/Components/MiddlePanel/ArrangementEditBaseComponent.h; sourceTree = SOURCE_ROOT; };
		7DBC95C19E562AB57CAF2EA8 /* CoreAudio.framework */ /* CoreAudio.framework */ = {isa = PBXFileReference; lastKnownFileType = wrapper.framework; name = CoreAudio.framework; path = System/Library/Frameworks/CoreAudio.framework; sourceTree = SDKROOT; };
		7E08ED9600CBA2E3D9B1D88F /* include_juce_graphics.mm */ /* include_juce_graphics.mm */ = {isa = PBXFileReference; lastKnownFileType = sourcecode.cpp.objcpp; name = include_juce_graphics.mm; path = ../../JuceLibraryCode/include_juce_graphics.mm; sourceTree = SOURCE_ROOT; };
		7E44DB630C41B875C940DDCD /* PlayListTableListBoxItem.cpp */ /* PlayListTableListBoxItem.cpp */ = {isa = PBXFileReference; lastKnownFileType = sourcecode.cpp.cpp; name = PlayListTableListBoxItem.cpp; path = ../../Source/Interface/Models/PlayListTableListBoxItem.cpp; sourceTree = SOURCE_ROOT; };
		7F26B1EEC3E92CB4A2D3D156 /* include_juce_analytics.cpp */ /* include_juce_analytics.cpp */ = {isa = PBXFileReference; lastKnownFileType = sourcecode.cpp.cpp; name = include_juce_analytics.cpp; path = ../../JuceLibraryCode/include_juce_analytics.cpp; sourceTree = SOURCE_ROOT; };
		7FAA26BEABC56901D3400DCB /* RightPanelComponent.h */ /* RightPanelComponent.h */ = {isa = PBXFileReference; lastKnownFileType = sourcecode.c.h; name = RightPanelComponent.h; path = ../../Source/Interface/Components/RightPanel/RightPanelComponent.h; sourceTree = SOURCE_ROOT; };
		801A42D7A775E098C36B83EF /* juce_core */ /* juce_core */ = {isa = PBXFileReference; lastKnownFileType = folder; name = juce_core; path = ../../../Submodules/juce/modules/juce_core; sourceTree = SOURCE_ROOT; };
		80A7607D4A9CE5B5D5107580 /* AudioRegionView.cpp */ /* AudioRegionView.cpp */ = {isa = PBXFileReference; lastKnownFileType = sourcecode.cpp.cpp; name = AudioRegionView.cpp; path = ../../Source/Interface/Views/AudioRegionView.cpp; sourceTree = SOURCE_ROOT; };
		817FA0302FB2D6FBC495236D /* LinkAudioDevice.cpp */ /* LinkAudioDevice.cpp */ = {isa = PBXFileReference; lastKnownFileType = sourcecode.cpp.cpp; name = LinkAudioDevice.cpp; path = ../../Source/Engine/Link/LinkAudioDevice.cpp; sourceTree = SOURCE_ROOT; };
		84484F21C03C97F770F1A3FE /* EngineAccess.h */ /* EngineAccess.h */ = {isa = PBXFileReference; lastKnownFileType = sourcecode.c.h; name = EngineAccess.h; path = ../../Source/Util/EngineAccess.h; sourceTree = SOURCE_ROOT; };
		87121392AC06CCE30AB209C5 /* AudiumApplication.h */ /* AudiumApplication.h */ = {isa = PBXFileReference; lastKnownFileType = sourcecode.c.h; name = AudiumApplication.h; path = ../../Source/Application/AudiumApplication.h; sourceTree = SOURCE_ROOT; };
		8715E10D92C11AA88EAF3D05 /* AudiumLookAndFeel.cpp */ /* AudiumLookAndFeel.cpp */ = {isa = PBXFileReference; lastKnownFileType = sourcecode.cpp.cpp; name = AudiumLookAndFeel.cpp; path = ../../Source/Interface/AudiumLookAndFeel.cpp; sourceTree = SOURCE_ROOT; };
		87FDC755ECAF2D008E8E2FF1 /* juce_audio_devices */ /* juce_audio_devices */ = {isa = PBXFileReference; lastKnownFileType = folder; name = juce_audio_devices; path = ../../../Submodules/juce/modules/juce_audio_devices; sourceTree = SOURCE_ROOT; };
		8AD81791B89E55FB8C43535A /* AudioResourceContainer.cpp */ /* AudioResourceContainer.cpp */ = {isa = PBXFileReference; lastKnownFileType = sourcecode.cpp.cpp; name = AudioResourceContainer.cpp; path = ../../Source/Engine/AudioResourceContainer.cpp; sourceTree = SOURCE_ROOT; };
		8D37E966475206DF93CB732C /* PlayListContainer.h */ /* PlayListContainer.h */ = {isa = PBXFileReference; lastKnownFileType = sourcecode.c.h; name = PlayListContainer.h; path = ../../Source/Engine/PlayList/PlayListContainer.h; sourceTree = SOURCE_ROOT; };
		8DCF650D089A100D7636D993 /* juce_audio_basics */ /* juce_audio_basics */ = {isa = PBXFileReference; lastKnownFileType = folder; name = juce_audio_basics; path = ../../../Submodules/juce/modules/juce_audio_basics; sourceTree = SOURCE_ROOT; };
		9018382E5D713205AFDE2343 /* ChannelsComponent.h */ /* ChannelsComponent.h */ = {isa = PBXFileReference; lastKnownFileType = sourcecode.c.h; name = ChannelsComponent.h; path = ../../Source/Interface/Components/MiddlePanel/ChannelView/ChannelsComponent.h; sourceTree = SOURCE_ROOT; };
		9292A8E7A85A45C8828834D3 /* RegionTableListBoxModel.cpp */ /* RegionTableListBoxModel.cpp */ = {isa = PBXFileReference; lastKnownFileType = sourcecode.cpp.cpp; name = RegionTableListBoxModel.cpp; path = ../../Source/Interface/Models/RegionTableListBoxModel.cpp; sourceTree = SOURCE_ROOT; };
		93967D9818A6F5B95C07B32B /* include_juce_gui_basics.mm */ /* include_juce_gui_basics.mm */ = {isa = PBXFileReference; lastKnownFileType = sourcecode.cpp.objcpp; name = include_juce_gui_basics.mm; path = ../../JuceLibraryCode/include_juce_gui_basics.mm; sourceTree = SOURCE_ROOT; };
		99CF1EA9B471BEDBBEEAACCB /* AudiumMainWindow.cpp */ /* AudiumMainWindow.cpp */ = {isa = PBXFileReference; lastKnownFileType = sourcecode.cpp.cpp; name = AudiumMainWindow.cpp; path = ../../Source/Application/AudiumMainWindow.cpp; sourceTree = SOURCE_ROOT; };
		99EC09CF576D0301C44A6777 /* include_juce_audio_processors_lv2_libs.cpp */ /* include_juce_audio_processors_lv2_libs.cpp */ = {isa = PBXFileReference; lastKnownFileType = sourcecode.cpp.cpp; name = include_juce_audio_processors_lv2_libs.cpp; path = ../../JuceLibraryCode/include_juce_audio_processors_lv2_libs.cpp; sourceTree = SOURCE_ROOT; };
		9A9AA9F5A0AC2B81BCF919E8 /* PlayListTableListBox.h */ /* PlayListTableListBox.h */ = {isa = PBXFileReference; lastKnownFileType = sourcecode.c.h; name = PlayListTableListBox.h; path = ../../Source/Interface/Controls/PlayListTableListBox.h; sourceTree = SOURCE_ROOT; };
		9BF7BC63A9CB9770D4AA89B3 /* AutoEdit.cpp */ /* AutoEdit.cpp */ = {isa = PBXFileReference; lastKnownFileType = sourcecode.cpp.cpp; name = AutoEdit.cpp; path = ../../Source/Engine/AutoEdit/AutoEdit.cpp; sourceTree = SOURCE_ROOT; };
		9C0222C44693315A9F66945C /* IOKit.framework */ /* IOKit.framework */ = {isa = PBXFileReference; lastKnownFileType = wrapper.framework; name = IOKit.framework; path = System/Library/Frameworks/IOKit.framework; sourceTree = SDKROOT; };
		9D2A8FC867BBF1841D4D3D57 /* PlayPositionMarker.h */ /* PlayPositionMarker.h */ = {isa = PBXFileReference; lastKnownFileType = sourcecode.c.h; name = PlayPositionMarker.h; path = ../../Source/Interface/Controls/PlayPositionMarker.h; sourceTree = SOURCE_ROOT; };
		A106C95595EC1075A3006383 /* LinkEngine.cpp */ /* LinkEngine.cpp */ = {isa = PBXFileReference; lastKnownFileType = sourcecode.cpp.cpp; name = LinkEngine.cpp; path = ../../Source/Engine/Link/LinkEngine.cpp; sourceTree = SOURCE_ROOT; };
		A224A208AE5292EA25E5E2C4 /* include_juce_core.mm */ /* include_juce_core.mm */ = {isa = PBXFileReference; lastKnownFileType = sourcecode.cpp.objcpp; name = include_juce_core.mm; path = ../../JuceLibraryCode/include_juce_core.mm; sourceTree = SOURCE_ROOT; };
		A3346CAE6FB6CD785EE49D2D /* MainComponent.h */ /* MainComponent.h */ = {isa = PBXFileReference; lastKnownFileType = sourcecode.c.h; name = MainComponent.h; path = ../../Source/Interface/Components/MainComponent.h; sourceTree = SOURCE_ROOT; };
		A7F36F4ACE445A9F659EE136 /* Security.framework */ /* Security.framework */ = {isa = PBXFileReference; lastKnownFileType = wrapper.framework; name = Security.framework; path = System/Library/Frameworks/Security.framework; sourceTree = SDKROOT; };
		A96B870D734284F177524816 /* audium_ListBox.cpp */ /* audium_ListBox.cpp */ = {isa = PBXFileReference; lastKnownFileType = sourcecode.cpp.cpp; name = audium_ListBox.cpp; path = ../../Source/Interface/Widgets/audium_ListBox.cpp; sourceTree = SOURCE_ROOT; };
		A9B61645C4E1D292FC719BF4 /* juce_gui_basics */ /* juce_gui_basics */ = {isa = PBXFileReference; lastKnownFileType = folder; name = juce_gui_basics; path = ../../../Submodules/juce/modules/juce_gui_basics; sourceTree = SOURCE_ROOT; };
		AA6A70E8E5EC8AF8DF2B1A7E /* AudioRegionContainer.h */ /* AudioRegionContainer.h */ = {isa = PBXFileReference; lastKnownFileType = sourcecode.c.h; name = AudioRegionContainer.h; path = ../../Source/Engine/AudioRegionContainer.h; sourceTree = SOURCE_ROOT; };
		AD2284B76A676919EAA61ACB /* ActionMessages.h */ /* ActionMessages.h */ = {isa = PBXFileReference; lastKnownFileType = sourcecode.c.h; name = ActionMessages.h; path = ../../Source/Engine/ActionMessages.h; sourceTree = SOURCE_ROOT; };
		B49AA8C79C8A8C9FCDA5A44C /* WebKit.framework */ /* WebKit.framework */ = {isa = PBXFileReference; lastKnownFileType = wrapper.framework; name = WebKit.framework; path = System/Library/Frameworks/WebKit.framework; sourceTree = SDKROOT; };
		B68082B3B751BB87D6C198BD /* juce_analytics */ /* juce_analytics */ = {isa = PBXFileReference; lastKnownFileType = folder; name = juce_analytics; path = ../../../Submodules/juce/modules/juce_analytics; sourceTree = SOURCE_ROOT; };
		B7346F39611AE01C1EAFEC0C /* Info-App.plist */ /* Info-App.plist */ = {isa = PBXFileReference; lastKnownFileType = text.plist.xml; name = "Info-App.plist"; path = "Info-App.plist"; sourceTree = SOURCE_ROOT; };
		BA5C39ABAF055C323410DE14 /* PlayListTableListBoxItem.h */ /* PlayListTableListBoxItem.h */ = {isa = PBXFileReference; lastKnownFileType = sourcecode.c.h; name = PlayListTableListBoxItem.h; path = ../../Source/Interface/Models/PlayListTableListBoxItem.h; sourceTree = SOURCE_ROOT; };
		BB45A7A49C70B896D7206B6A /* GroupBaseComponent.cpp */ /* GroupBaseComponent.cpp */ = {isa = PBXFileReference; lastKnownFileType = sourcecode.cpp.cpp; name = GroupBaseComponent.cpp; path = ../../Source/Interface/Components/MiddlePanel/GroupBaseComponent.cpp; sourceTree = SOURCE_ROOT; };
		BB9745C2630C9F9EE08622EA /* EditGroupComponent.h */ /* EditGroupComponent.h */ = {isa = PBXFileReference; lastKnownFileType = sourcecode.c.h; name = EditGroupComponent.h; path = ../../Source/Interface/Components/MiddlePanel/EditView/EditGroupComponent.h; sourceTree = SOURCE_ROOT; };
		BC325BA600975DA123084DA3 /* AudioToolbox.framework */ /* AudioToolbox.framework */ = {isa = PBXFileReference; lastKnownFileType = wrapper.framework; name = AudioToolbox.framework; path = System/Library/Frameworks/AudioToolbox.framework; sourceTree = SDKROOT; };
		BC912F2C45ABACEAA30761C1 /* RegionSelector.cpp */ /* RegionSelector.cpp */ = {isa = PBXFileReference; lastKnownFileType = sourcecode.cpp.cpp; name = RegionSelector.cpp; path = ../../Source/Interface/Controls/RegionSelector.cpp; sourceTree = SOURCE_ROOT; };
		BCC2B6A9AAC816A403A24E63 /* RightPanelComponent.cpp */ /* RightPanelComponent.cpp */ = {isa = PBXFileReference; lastKnownFileType = sourcecode.cpp.cpp; name = RightPanelComponent.cpp; path = ../../Source/Interface/Components/RightPanel/RightPanelComponent.cpp; sourceTree = SOURCE_ROOT; };
		BD120C92EBF0312BF1D4DBB1 /* QuartzCore.framework */ /* QuartzCore.framework */ = {isa = PBXFileReference; lastKnownFileType = wrapper.framework; name = QuartzCore.framework; path = System/Library/Frameworks/QuartzCore.framework; sourceTree = SDKROOT; };
		BD317E4F3A130A3FD8EDC934 /* RegionLabel.h */ /* RegionLabel.h */ = {isa = PBXFileReference; lastKnownFileType = sourcecode.c.h; name = RegionLabel.h; path = ../../Source/Interface/Controls/RegionLabel.h; sourceTree = SOURCE_ROOT; };
		BE87328F6D75995A9B23C9EF /* PlayListComponent.cpp */ /* PlayListComponent.cpp */ = {isa = PBXFileReference; lastKnownFileType = sourcecode.cpp.cpp; name = PlayListComponent.cpp; path = ../../Source/Interface/Components/RightPanel/PlayListComponent.cpp; sourceTree = SOURCE_ROOT; };
		C10F86E30937D0CBB1F0748A /* AutoEdit.h */ /* AutoEdit.h */ = {isa = PBXFileReference; lastKnownFileType = sourcecode.c.h; name = AutoEdit.h; path = ../../Source/Engine/AutoEdit/AutoEdit.h; sourceTree = SOURCE_ROOT; };
		C535EC3B1DAC64329A524774 /* HeaderComponent.h */ /* HeaderComponent.h */ = {isa = PBXFileReference; lastKnownFileType = sourcecode.c.h; name = HeaderComponent.h; path = ../../Source/Interface/Components/HeaderPanel/HeaderComponent.h; sourceTree = SOURCE_ROOT; };
		C7202C377D3DE8D18030C3B9 /* README.txt */ /* README.txt */ = {isa = PBXFileReference; lastKnownFileType = text.txt; name = README.txt; path = ../../Catch2Tests/README.txt; sourceTree = SOURCE_ROOT; };
		CA39B6E9F9CE7E4D8C8168A4 /* TransportPositionControl.h */ /* TransportPositionControl.h */ = {isa = PBXFileReference; lastKnownFileType = sourcecode.c.h; name = TransportPositionControl.h; path = ../../Source/Interface/Controls/TransportPositionControl.h; sourceTree = SOURCE_ROOT; };
		CD915B059555AF45DF4EB0A9 /* AutoEditDialog.h */ /* AutoEditDialog.h */ = {isa = PBXFileReference; lastKnownFileType = sourcecode.c.h; name = AutoEditDialog.h; path = ../../Source/Interface/Dialogs/AutoEditDialog.h; sourceTree = SOURCE_ROOT; };
		CF6214DF537EF846309FBAAC /* ChannelComponent.h */ /* ChannelComponent.h */ = {isa = PBXFileReference; lastKnownFileType = sourcecode.c.h; name = ChannelComponent.h; path = ../../Source/Interface/Components/MiddlePanel/ChannelView/ChannelComponent.h; sourceTree = SOURCE_ROOT; };
		D086E09B1C51205513609A0B /* RegionEditControl.cpp */ /* RegionEditControl.cpp */ = {isa = PBXFileReference; lastKnownFileType = sourcecode.cpp.cpp; name = RegionEditControl.cpp; path = ../../Source/Interface/Controls/RegionEditControl.cpp; sourceTree = SOURCE_ROOT; };
		D0FD3C88C9809AA0C63BB2DB /* LinkEngine.hpp */ /* LinkEngine.hpp */ = {isa = PBXFileReference; lastKnownFileType = sourcecode.c.h; name = LinkEngine.hpp; path = ../../Source/Engine/Link/LinkEngine.hpp; sourceTree = SOURCE_ROOT; };
		D2358E35E288116D96FC2C35 /* AudioGroup.h */ /* AudioGroup.h */ = {isa = PBXFileReference; lastKnownFileType = sourcecode.c.h; name = AudioGroup.h; path = ../../Source/Engine/AudioGroup.h; sourceTree = SOURCE_ROOT; };
		D4D5A4A65120A0024822645B /* AudioRegionContainer.cpp */ /* AudioRegionContainer.cpp */ = {isa = PBXFileReference; lastKnownFileType = sourcecode.cpp.cpp; name = AudioRegionContainer.cpp; path = ../../Source/Engine/AudioRegionContainer.cpp; sourceTree = SOURCE_ROOT; };
		D51C601FA6921E640C18B7FF /* AudioGroup.cpp */ /* AudioGroup.cpp */ = {isa = PBXFileReference; lastKnownFileType = sourcecode.cpp.cpp; name = AudioGroup.cpp; path = ../../Source/Engine/AudioGroup.cpp; sourceTree = SOURCE_ROOT; };
		D7C195F3EDBBAD3B3DCF40F5 /* AudioRegion.h */ /* AudioRegion.h */ = {isa = PBXFileReference; lastKnownFileType = sourcecode.c.h; name = AudioRegion.h; path = ../../Source/Engine/AudioRegion.h; sourceTree = SOURCE_ROOT; };
		D983C7A6E23DC948014EE2B0 /* ColourIds.h */ /* ColourIds.h */ = {isa = PBXFileReference; lastKnownFileType = sourcecode.c.h; name = ColourIds.h; path = ../../Source/Interface/ColourIds.h; sourceTree = SOURCE_ROOT; };
		D9F6FF045AFA099516727064 /* LinkAudioDevice.h */ /* LinkAudioDevice.h */ = {isa = PBXFileReference; lastKnownFileType = sourcecode.c.h; name = LinkAudioDevice.h; path = ../../Source/Engine/Link/LinkAudioDevice.h; sourceTree = SOURCE_ROOT; };
		DACCB6E5DE52ECB29A1B1574 /* MetalKit.framework */ /* MetalKit.framework */ = {isa = PBXFileReference; lastKnownFileType = wrapper.framework; name = MetalKit.framework; path = System/Library/Frameworks/MetalKit.framework; sourceTree = SDKROOT; };
		DB274175268873FA1BDECEB7 /* AudiumFactory.h */ /* AudiumFactory.h */ = {isa = PBXFileReference; lastKnownFileType = sourcecode.c.h; name = AudiumFactory.h; path = ../../Source/Engine/Factory/AudiumFactory.h; sourceTree = SOURCE_ROOT; };
		DD3D293D5BE7C2DD00072E80 /* SampleTimer.h */ /* SampleTimer.h */ = {isa = PBXFileReference; lastKnownFileType = sourcecode.c.h; name = SampleTimer.h; path = ../../Source/Engine/PlayList/SampleTimer.h; sourceTree = SOURCE_ROOT; };
		DD7CC22CCB3663A8F34EAE1B /* PlayListContainerComponent.h */ /* PlayListContainerComponent.h */ = {isa = PBXFileReference; lastKnownFileType = sourcecode.c.h; name = PlayListContainerComponent.h; path = ../../Source/Interface/Components/RightPanel/PlayListContainerComponent.h; sourceTree = SOURCE_ROOT; };
		E138ACDCC3A702D0B7A742EF /* include_juce_dsp.mm */ /* include_juce_dsp.mm */ = {isa = PBXFileReference; lastKnownFileType = sourcecode.cpp.objcpp; name = include_juce_dsp.mm; path = ../../JuceLibraryCode/include_juce_dsp.mm; sourceTree = SOURCE_ROOT; };
		E3BA2FC7B3B79BEDB0107D49 /* AudioResourceView.cpp */ /* AudioResourceView.cpp */ = {isa = PBXFileReference; lastKnownFileType = sourcecode.cpp.cpp; name = AudioResourceView.cpp; path = ../../Source/Interface/Views/AudioResourceView.cpp; sourceTree = SOURCE_ROOT; };
		E460A10ACA07926504BD4E72 /* ChannelComponent.cpp */ /* ChannelComponent.cpp */ = {isa = PBXFileReference; lastKnownFileType = sourcecode.cpp.cpp; name = ChannelComponent.cpp; path = ../../Source/Interface/Components/MiddlePanel/ChannelView/ChannelComponent.cpp; sourceTree = SOURCE_ROOT; };
		E5935523B78925C658B9086B /* TransportSourceContainer.cpp */ /* TransportSourceContainer.cpp */ = {isa = PBXFileReference; lastKnownFileType = sourcecode.cpp.cpp; name = TransportSourceContainer.cpp; path = ../../Source/Engine/TransportSourceContainer.cpp; sourceTree = SOURCE_ROOT; };
		E7074F66C3DD69F43FBB467D /* AutoEditComponent.cpp */ /* AutoEditComponent.cpp */ = {isa = PBXFileReference; lastKnownFileType = sourcecode.cpp.cpp; name = AutoEditComponent.cpp; path = ../../Source/Interface/Dialogs/AutoEditComponent.cpp; sourceTree = SOURCE_ROOT; };
		E9E00151E572E750F019F42D /* AudioChannelsListBoxModel.h */ /* AudioChannelsListBoxModel.h */ = {isa = PBXFileReference; lastKnownFileType = sourcecode.c.h; name = AudioChannelsListBoxModel.h; path = ../../Source/Interface/Models/AudioChannelsListBoxModel.h; sourceTree = SOURCE_ROOT; };
		EBCAA43C5258D98640A638F6 /* juce_audio_formats */ /* juce_audio_formats */ = {isa = PBXFileReference; lastKnownFileType = folder; name = juce_audio_formats; path = ../../../Submodules/juce/modules/juce_audio_formats; sourceTree = SOURCE_ROOT; };
		ECB46507DAEC7211AEAFD67D /* Preferences.h */ /* Preferences.h */ = {isa = PBXFileReference; lastKnownFileType = sourcecode.c.h; name = Preferences.h; path = ../../Source/Util/Preferences.h; sourceTree = SOURCE_ROOT; };
		EDD9561EE704339EB0B3F25B /* PlayListContainerComponent.cpp */ /* PlayListContainerComponent.cpp */ = {isa = PBXFileReference; lastKnownFileType = sourcecode.cpp.cpp; name = PlayListContainerComponent.cpp; path = ../../Source/Interface/Components/RightPanel/PlayListContainerComponent.cpp; sourceTree = SOURCE_ROOT; };
		EF8DD043B0CEFFAC7AFE5227 /* AudiumFactory.cpp */ /* AudiumFactory.cpp */ = {isa = PBXFileReference; lastKnownFileType = sourcecode.cpp.cpp; name = AudiumFactory.cpp; path = ../../Source/Engine/Factory/AudiumFactory.cpp; sourceTree = SOURCE_ROOT; };
		EFB67C5172FD56D59C0F3443 /* include_juce_audio_utils.mm */ /* include_juce_audio_utils.mm */ = {isa = PBXFileReference; lastKnownFileType = sourcecode.cpp.objcpp; name = include_juce_audio_utils.mm; path = ../../JuceLibraryCode/include_juce_audio_utils.mm; sourceTree = SOURCE_ROOT; };
		F0A4B905FCA6B20DBF3DD3C3 /* AudiumTransportSource.h */ /* AudiumTransportSource.h */ = {isa = PBXFileReference; lastKnownFileType = sourcecode.c.h; name = AudiumTransportSource.h; path = ../../Source/Engine/AudiumTransportSource.h; sourceTree = SOURCE_ROOT; };
		F0C4F5AE7B7A830FDF5AEC81 /* PlayListContainer.cpp */ /* PlayListContainer.cpp */ = {isa = PBXFileReference; lastKnownFileType = sourcecode.cpp.cpp; name = PlayListContainer.cpp; path = ../../Source/Engine/PlayList/PlayListContainer.cpp; sourceTree = SOURCE_ROOT; };
		F1196F8D001317AABA13211C /* AudioResource.h */ /* AudioResource.h */ = {isa = PBXFileReference; lastKnownFileType = sourcecode.c.h; name = AudioResource.h; path = ../../Source/Engine/AudioResource.h; sourceTree = SOURCE_ROOT; };
		F2BC4A342092379072B2ECC0 /* AudioGroupFactory.h */ /* AudioGroupFactory.h */ = {isa = PBXFileReference; lastKnownFileType = sourcecode.c.h; name = AudioGroupFactory.h; path = ../../Source/Engine/Factory/AudioGroupFactory.h; sourceTree = SOURCE_ROOT; };
		F3C28AEF289210804920A11A /* ArrangementGroupComponent.h */ /* ArrangementGroupComponent.h */ = {isa = PBXFileReference; lastKnownFileType = sourcecode.c.h; name = ArrangementGroupComponent.h; path = ../../Source/Interface/Components/MiddlePanel/ArrangementView/ArrangementGroupComponent.h; sourceTree = SOURCE_ROOT; };
		F5F7DEF8952E76FA005897ED /* CMakeLists.txt */ /* CMakeLists.txt */ = {isa = PBXFileReference; lastKnownFileType = text.txt; name = CMakeLists.txt; path = ../../Catch2Tests/CMakeLists.txt; sourceTree = SOURCE_ROOT; };
		F606AA824C91677FAABA4C90 /* juce_audio_utils */ /* juce_audio_utils */ = {isa = PBXFileReference; lastKnownFileType = folder; name = juce_audio_utils; path = ../../../Submodules/juce/modules/juce_audio_utils; sourceTree = SOURCE_ROOT; };
		F62ECD7362B186DC805B431E /* NewRegionDialog.h */ /* NewRegionDialog.h */ = {isa = PBXFileReference; lastKnownFileType = sourcecode.c.h; name = NewRegionDialog.h; path = ../../Source/Interface/Dialogs/NewRegionDialog.h; sourceTree = SOURCE_ROOT; };
		F9816C9AA6BF2BC4109172C2 /* include_juce_data_structures.mm */ /* include_juce_data_structures.mm */ = {isa = PBXFileReference; lastKnownFileType = sourcecode.cpp.objcpp; name = include_juce_data_structures.mm; path = ../../JuceLibraryCode/include_juce_data_structures.mm; sourceTree = SOURCE_ROOT; };
		FB12E15EC8D6A7508A7AD628 /* juce_events */ /* juce_events */ = {isa = PBXFileReference; lastKnownFileType = folder; name = juce_events; path = ../../../Submodules/juce/modules/juce_events; sourceTree = SOURCE_ROOT; };
		FC41BCDB5A29B566C1100630 /* AudioGroupContainer.cpp */ /* AudioGroupContainer.cpp */ = {isa = PBXFileReference; lastKnownFileType = sourcecode.cpp.cpp; name = AudioGroupContainer.cpp; path = ../../Source/Engine/AudioGroupContainer.cpp; sourceTree = SOURCE_ROOT; };
		FD9A53D871974522362B6CC4 /* AudioViewBase.h */ /* AudioViewBase.h */ = {isa = PBXFileReference; lastKnownFileType = sourcecode.c.h; name = AudioViewBase.h; path = ../../Source/Interface/Views/AudioViewBase.h; sourceTree = SOURCE_ROOT; };
		FF8A35828E245DC65B5D294B /* include_juce_gui_extra.mm */ /* include_juce_gui_extra.mm */ = {isa = PBXFileReference; lastKnownFileType = sourcecode.cpp.objcpp; name = include_juce_gui_extra.mm; path = ../../JuceLibraryCode/include_juce_gui_extra.mm; sourceTree = SOURCE_ROOT; };
/* End PBXFileReference section */

/* Begin PBXFrameworksBuildPhase section */
		6BF77541D33AEE2397192046 = {
			isa = PBXFrameworksBuildPhase;
			buildActionMask = 2147483647;
			files = (
				8827D5B86EADB8CB6F36A795,
				14C53151AB22EE2F0BA96F36,
				E6C80767828DC715C269562F,
				7C1BC6DE3C7149A4C1BF7A09,
				4389F0A70D95B391299DD65C,
				9D99CD2A2F0E3FFF17004F30,
				70B2DEE669A0AD9E8F038235,
				F9622B4FD29786943BF0A9B0,
				D6A79C7A4AF7054520DA5345,
				23874446D4D448B966D134F7,
				A6FD4803C8F8414C066B9B62,
				28D0D35B318F71C7C90D0E5E,
				2C0D16C8A70F3A71D3336D6A,
				166F04F1CEEC30DE3FE692E0,
			);
			runOnlyForDeploymentPostprocessing = 0;
		};
/* End PBXFrameworksBuildPhase section */

/* Begin PBXGroup section */
		037D47F1190701D1A53200F9 /* Resources */ = {
			isa = PBXGroup;
			children = (
				B7346F39611AE01C1EAFEC0C,
				57548F766A379B66DB3C67F7,
			);
			name = Resources;
			sourceTree = "<group>";
		};
		03DAFC073987AF851BAC3A69 /* JUCE Library Code */ = {
			isa = PBXGroup;
			children = (
				7F26B1EEC3E92CB4A2D3D156,
				326D33688206104FED891964,
				5344BD32D0ED9D07F10C2309,
				7A3311AE998AACD2A1510C86,
				25423A74B016191855679F72,
				104BFF64B92517E032E9A097,
				99EC09CF576D0301C44A6777,
				EFB67C5172FD56D59C0F3443,
				A224A208AE5292EA25E5E2C4,
				F9816C9AA6BF2BC4109172C2,
				E138ACDCC3A702D0B7A742EF,
				0CDA913D361373B7AC9537C3,
				7E08ED9600CBA2E3D9B1D88F,
				93967D9818A6F5B95C07B32B,
				FF8A35828E245DC65B5D294B,
				62374E864665EF60C8BCB2C9,
			);
			name = "JUCE Library Code";
			sourceTree = "<group>";
		};
		0AC0EF15A59269A3756F25DA /* Source */ = {
			isa = PBXGroup;
			children = (
				8AB4BBA656222F367D79E3A0,
				2CB8BE86332BBED53E17042A,
				FCB7E52916C7F60CEA2D39E3,
				F6A2B10C9F67009466562221,
			);
			name = Source;
			sourceTree = "<group>";
		};
		0D43CF70050BD425E7DBB27E /* Link */ = {
			isa = PBXGroup;
			children = (
				817FA0302FB2D6FBC495236D,
				D9F6FF045AFA099516727064,
				A106C95595EC1075A3006383,
				D0FD3C88C9809AA0C63BB2DB,
			);
			name = Link;
			sourceTree = "<group>";
		};
		1396A090E1313020DA82A290 /* EditView */ = {
			isa = PBXGroup;
			children = (
				49279BC62AD9FD1375CFBDD2,
				BB9745C2630C9F9EE08622EA,
			);
			name = EditView;
			sourceTree = "<group>";
		};
		1397994DC312F9449DB97082 /* Widgets */ = {
			isa = PBXGroup;
			children = (
				A96B870D734284F177524816,
				51A9292E8F72CB69DDEC3999,
			);
			name = Widgets;
			sourceTree = "<group>";
		};
		1553603921B6F3477E1E9060 /* PlayList */ = {
			isa = PBXGroup;
			children = (
				DD3D293D5BE7C2DD00072E80,
				F0C4F5AE7B7A830FDF5AEC81,
				8D37E966475206DF93CB732C,
				78220737D71F4A95C1825E8A,
				09200639918EB49CFF3382BE,
				5FD6D72AF76F4D6569EBD29F,
				3B45C1B587B072E12D0C8FD8,
			);
			name = PlayList;
			sourceTree = "<group>";
		};
		250FF628270F1F3666D93A55 /* ArrangementView */ = {
			isa = PBXGroup;
			children = (
				55AF32834EF1E5E8AC38AEB8,
				6D18E70CE8E175A3D78ABF5F,
				F3C28AEF289210804920A11A,
				4B7F78AB457B000D361921A6,
				0F438419DAEA923F36640757,
			);
			name = ArrangementView;
			sourceTree = "<group>";
		};
		25D1D904AC998285FF5F0115 /* Models */ = {
			isa = PBXGroup;
			children = (
				E9E00151E572E750F019F42D,
				7E44DB630C41B875C940DDCD,
				BA5C39ABAF055C323410DE14,
				2939FFF512D6CAC49E48AE7D,
				9292A8E7A85A45C8828834D3,
				24F5063E15B125FCE205B79F,
				53CA97D0EE689CCB83AD194E,
				39F7EDBD03245A407C8AAA0B,
			);
			name = Models;
			sourceTree = "<group>";
		};
		2CB8BE86332BBED53E17042A /* Util */ = {
			isa = PBXGroup;
			children = (
				15B08AD17A4543A6F9323602,
				84484F21C03C97F770F1A3FE,
				352338A322365BD5C3C74D37,
				ECB46507DAEC7211AEAFD67D,
			);
			name = Util;
			sourceTree = "<group>";
		};
		2CC0FD4EB70574A6B0DDF8F9 /* Factory */ = {
			isa = PBXGroup;
			children = (
				F2BC4A342092379072B2ECC0,
				068707BEEF91E3C5815141F9,
				EF8DD043B0CEFFAC7AFE5227,
				DB274175268873FA1BDECEB7,
			);
			name = Factory;
			sourceTree = "<group>";
		};
		2D462ABC65FB705839E34DF5 /* JUCE Modules */ = {
			isa = PBXGroup;
			children = (
				B68082B3B751BB87D6C198BD,
				8DCF650D089A100D7636D993,
				87FDC755ECAF2D008E8E2FF1,
				EBCAA43C5258D98640A638F6,
				56369103B83A1EC2994DF929,
				F606AA824C91677FAABA4C90,
				801A42D7A775E098C36B83EF,
				381C16B10EEBED549FB2BBD2,
				54BC936418EEB155207FA796,
				FB12E15EC8D6A7508A7AD628,
				685048203793CB093B04D748,
				A9B61645C4E1D292FC719BF4,
				20C02FEAB38C7AE1951EA655,
			);
			name = "JUCE Modules";
			sourceTree = "<group>";
		};
		31AFDC986100DABCAD51E109 /* ChannelView */ = {
			isa = PBXGroup;
			children = (
				E460A10ACA07926504BD4E72,
				CF6214DF537EF846309FBAAC,
				9018382E5D713205AFDE2343,
			);
			name = ChannelView;
			sourceTree = "<group>";
		};
		34EAA30F05FBFF3FC6733E4C /* RightPanel */ = {
			isa = PBXGroup;
			children = (
				BE87328F6D75995A9B23C9EF,
				03DF3A11364360FFACBE47A6,
				EDD9561EE704339EB0B3F25B,
				DD7CC22CCB3663A8F34EAE1B,
				3EAF65124DEAE2090689ABBB,
				BCC2B6A9AAC816A403A24E63,
				7FAA26BEABC56901D3400DCB,
			);
			name = RightPanel;
			sourceTree = "<group>";
		};
		39BA290D074F3377CDFD6338 /* Handlers */ = {
			isa = PBXGroup;
			children = (
				1CC6D2F41DEFEC0E947D67C4,
				05B46617E562A6E50F8D63E8,
			);
			name = Handlers;
			sourceTree = "<group>";
		};
		58795CAC1725B0979DF4BDF4 /* AutoEdit */ = {
			isa = PBXGroup;
			children = (
				9BF7BC63A9CB9770D4AA89B3,
				C10F86E30937D0CBB1F0748A,
			);
			name = AutoEdit;
			sourceTree = "<group>";
		};
		74E6B86D2900C2BD6C34083A /* MiddlePanel */ = {
			isa = PBXGroup;
			children = (
				492448CAB8596C414F7AF104,
				31AFDC986100DABCAD51E109,
				1396A090E1313020DA82A290,
				250FF628270F1F3666D93A55,
				7D9939772D1857BAF66CBFDC,
				BB45A7A49C70B896D7206B6A,
				6D6B56D06D09D45BD923C476,
			);
			name = MiddlePanel;
			sourceTree = "<group>";
		};
		7C8358ADE3C3D6A7BB25143B /* Frameworks */ = {
			isa = PBXGroup;
			children = (
				5021A59AD0929868402BFD6B,
				BC325BA600975DA123084DA3,
				6373A60BC5F852259A3F5976,
				7DBC95C19E562AB57CAF2EA8,
				456D6880C88C5B41AA87CBB2,
				3F436BA69588E2039CDFB0F5,
				22AD7FAA33DF69C2DCCA4667,
				6236F154DF8AAC28C4F42CBA,
				9C0222C44693315A9F66945C,
				BD120C92EBF0312BF1D4DBB1,
				A7F36F4ACE445A9F659EE136,
				B49AA8C79C8A8C9FCDA5A44C,
				1F44340B66A109B0DEE52DF7,
				DACCB6E5DE52ECB29A1B1574,
			);
			name = Frameworks;
			sourceTree = "<group>";
		};
		8AB4BBA656222F367D79E3A0 /* Application */ = {
			isa = PBXGroup;
			children = (
				6281C6C7B678AEFB2F47C339,
				2E146D46199124CB4DC74349,
				65FA0FE104D1D2422632E136,
				462481D51BD3607FCD44651D,
				87121392AC06CCE30AB209C5,
				99CF1EA9B471BEDBBEEAACCB,
				3112F89ABC344D7CA74013C6,
				6635C70632EE050E628A48F0,
			);
			name = Application;
			sourceTree = "<group>";
		};
		9116E9821A4F0CE3F2F35127 /* Catch2Tests */ = {
			isa = PBXGroup;
			children = (
				C7202C377D3DE8D18030C3B9,
				F5F7DEF8952E76FA005897ED,
			);
			name = Catch2Tests;
			sourceTree = "<group>";
		};
		9A5368C444F30B3AC1A2F077 /* HeaderPanel */ = {
			isa = PBXGroup;
			children = (
				4468CC1C68E6B9520FDF6E20,
				C535EC3B1DAC64329A524774,
			);
			name = HeaderPanel;
			sourceTree = "<group>";
		};
		9BE2411EEC9E2E92208463DB /* Dialogs */ = {
			isa = PBXGroup;
			children = (
				E7074F66C3DD69F43FBB467D,
				4F52032EA1179E2EDC03E78A,
				CD915B059555AF45DF4EB0A9,
				F62ECD7362B186DC805B431E,
			);
			name = Dialogs;
			sourceTree = "<group>";
		};
		A60DF503B2F410F6DDB29C77 /* Controls */ = {
			isa = PBXGroup;
			children = (
				D086E09B1C51205513609A0B,
				580F0546329F53D3275E4369,
				21E8218C5578FAF32AEE977E,
				41C5D3B1E81DCFA1BE08D14C,
				9A9AA9F5A0AC2B81BCF919E8,
				9D2A8FC867BBF1841D4D3D57,
				BD317E4F3A130A3FD8EDC934,
				BC912F2C45ABACEAA30761C1,
				6DA263F7CDEFFDFAC0EB223E,
				00B0848F45E53B0B0D3D8AFB,
				6F75568B0D072582C1F4CE0A,
				CA39B6E9F9CE7E4D8C8168A4,
				6AF4E56914CFCE4164489808,
				3352500C25930C824C7693FF,
			);
			name = Controls;
			sourceTree = "<group>";
		};
		A9AE34580E5E53FF89EDB4FA /* Provider */ = {
			isa = PBXGroup;
			children = (
				2B3D46B4A25BB609791350BD,
			);
			name = Provider;
			sourceTree = "<group>";
		};
		AFC9DC8F53530AC727AC6073 /* Views */ = {
			isa = PBXGroup;
			children = (
				80A7607D4A9CE5B5D5107580,
				3AF4EE7AF9EAFD08F56B5F84,
				E3BA2FC7B3B79BEDB0107D49,
				17F1E3D64CE6F24C735B64BA,
				FD9A53D871974522362B6CC4,
				0E351B81876F1819B0545519,
			);
			name = Views;
			sourceTree = "<group>";
		};
		C5B7D745189C4E7C39DE95A8 /* Components */ = {
			isa = PBXGroup;
			children = (
				9A5368C444F30B3AC1A2F077,
				74E6B86D2900C2BD6C34083A,
				34EAA30F05FBFF3FC6733E4C,
				11ABDB8E5A840910E3FD71B8,
				A3346CAE6FB6CD785EE49D2D,
			);
			name = Components;
			sourceTree = "<group>";
		};
		D090252B8A7B61E6B9D945EE /* AppAudium */ = {
			isa = PBXGroup;
			children = (
				9116E9821A4F0CE3F2F35127,
				0AC0EF15A59269A3756F25DA,
			);
			name = AppAudium;
			sourceTree = "<group>";
		};
		D2F57F3015F6A9C567F71D3B /* Products */ = {
			isa = PBXGroup;
			children = (
				65EE5B24CA6AA1915694E01E,
			);
			name = Products;
			sourceTree = "<group>";
		};
		D3253D45D71B72179549CE1E /* Source */ = {
			isa = PBXGroup;
			children = (
				D090252B8A7B61E6B9D945EE,
				2D462ABC65FB705839E34DF5,
				03DAFC073987AF851BAC3A69,
				037D47F1190701D1A53200F9,
				7C8358ADE3C3D6A7BB25143B,
				D2F57F3015F6A9C567F71D3B,
			);
			name = Source;
			sourceTree = "<group>";
		};
		F6A2B10C9F67009466562221 /* Interface */ = {
			isa = PBXGroup;
			children = (
				9BE2411EEC9E2E92208463DB,
				8715E10D92C11AA88EAF3D05,
				483FBB3F0EC1E3D8EFB8E078,
				D983C7A6E23DC948014EE2B0,
				1397994DC312F9449DB97082,
				39BA290D074F3377CDFD6338,
				C5B7D745189C4E7C39DE95A8,
				25D1D904AC998285FF5F0115,
				A60DF503B2F410F6DDB29C77,
				AFC9DC8F53530AC727AC6073,
			);
			name = Interface;
			sourceTree = "<group>";
		};
		FCB7E52916C7F60CEA2D39E3 /* Engine */ = {
			isa = PBXGroup;
			children = (
				A9AE34580E5E53FF89EDB4FA,
				2CC0FD4EB70574A6B0DDF8F9,
				0D43CF70050BD425E7DBB27E,
				520E7150F3B0BE3B50B1C93A,
				165654E9D1DC2FF03045843C,
				58795CAC1725B0979DF4BDF4,
				AD2284B76A676919EAA61ACB,
				1553603921B6F3477E1E9060,
				F0A4B905FCA6B20DBF3DD3C3,
				E5935523B78925C658B9086B,
				374C4BF37F6562771F3007E6,
				4DE814A90D92C1476D1E560A,
				D7C195F3EDBBAD3B3DCF40F5,
				D4D5A4A65120A0024822645B,
				AA6A70E8E5EC8AF8DF2B1A7E,
				D51C601FA6921E640C18B7FF,
				D2358E35E288116D96FC2C35,
				FC41BCDB5A29B566C1100630,
				649E0AC277EAA97B93042EF1,
				332BA11702CE2968C66F90B4,
				F1196F8D001317AABA13211C,
				8AD81791B89E55FB8C43535A,
				5CB2F1A3CC2EAFD3BB0E4541,
			);
			name = Engine;
			sourceTree = "<group>";
		};
/* End PBXGroup section */

/* Begin PBXNativeTarget section */
		160C71CC35ECD0DE4AD0BCA8 /* AppAudium - App */ = {
			isa = PBXNativeTarget;
			buildConfigurationList = 66BF60B8279443CECE420811;
			buildPhases = (
				BAD9F2807B923BA12193D790,
				F4C629C95E6F6F0DAC309099,
				6BF77541D33AEE2397192046,
			);
			buildRules = (
			);
			dependencies = (
			);
			name = "AppAudium - App";
			productName = AppAudium;
			productReference = 65EE5B24CA6AA1915694E01E;
			productType = "com.apple.product-type.application";
		};
/* End PBXNativeTarget section */

/* Begin PBXProject section */
		D077A37D185BC275BFDA9647 = {
			isa = PBXProject;
			attributes = {
				BuildIndependentTargetsInParallel = YES;
				LastUpgradeCheck = 1340;
				ORGANIZATIONNAME = "";
				TargetAttributes = {
					160C71CC35ECD0DE4AD0BCA8 = {
						SystemCapabilities = {
							com.apple.ApplicationGroups.iOS = {
								enabled = 0;
							};
							com.apple.HardenedRuntime = {
								enabled = 0;
							};
							com.apple.InAppPurchase = {
								enabled = 0;
							};
							com.apple.InterAppAudio = {
								enabled = 0;
							};
							com.apple.Push = {
								enabled = 0;
							};
							com.apple.Sandbox = {
								enabled = 0;
							};
						};
					};
				};
			};
			buildConfigurationList = 6440EBB1BB49FAAE58F0C9DA;
			compatibilityVersion = "Xcode 3.2";
			hasScannedForEncodings = 0;
			knownRegions = (
				en,
				Base,
			);
			mainGroup = D3253D45D71B72179549CE1E;
			projectDirPath = "";
			projectRoot = "";
			targets = (
				160C71CC35ECD0DE4AD0BCA8,
			);
		};
/* End PBXProject section */

/* Begin PBXResourcesBuildPhase section */
		BAD9F2807B923BA12193D790 = {
			isa = PBXResourcesBuildPhase;
			buildActionMask = 2147483647;
			files = (
				2ADE5191AED619A3F7F5520A,
			);
			runOnlyForDeploymentPostprocessing = 0;
		};
/* End PBXResourcesBuildPhase section */

/* Begin PBXSourcesBuildPhase section */
		F4C629C95E6F6F0DAC309099 = {
			isa = PBXSourcesBuildPhase;
			buildActionMask = 2147483647;
			files = (
				0ED909B948FDDBF4CB7E2510,
				94856FC278508DBFE75FBA58,
				DD7FA514741BD80EB9EA9F19,
				4ABF177467832242153DF416,
				090A584AB0AC23AB9528BCCD,
				6BD9E0BBB60EAD02583E8F7C,
				D3A2B0EB82EB2FAD1C34827B,
				7D6DB9449B760A5CC4C62429,
				824FA205F1CE43AABCC7C135,
				3886E546FC38F3D25492FB2C,
				CDA95CD2511DEFBB590AA722,
				3511CED8CECC0D7EB195CB8F,
				40A419903992121036F44F2D,
				F6DB9E50FB9B911D1D30AA15,
				6A1F23F8AEA0A95B975AB20E,
				ED856071EC90DCF2523AF785,
				F83BD807066141684D3FFFA1,
				A25554A3BF9E9337D3E828D2,
				A9E55BF560082E1CF746A28F,
				3F9482CA60D21CF6105DE20B,
				A88A358B1261DB60A7CB582F,
				5286B01DB14BE28BDA88F629,
				2C317733B07AECA65EA0862F,
				4AEB71E53A29D683D72A9F41,
				8D8400584C5C1D895C098B5A,
				C8949253863B11F346377536,
				69C938DD131F1E1F748770D0,
				0CFC3D74B01485B8E350B299,
				25CA3F65B774F34F76468809,
				B6BDA9CBF787EAE4A4B88B61,
				180447DE5C9821AF7DB381D9,
				C575E8965634F5A9854889EE,
				5C62C0C8EE35E00AC1B8E3AC,
				71175A5E1AF2FE25885C5CFC,
				63AE7E83398F33BA6144FBD5,
				3CC8732FBE5A8FEFD49D5D4B,
				0C3BAE8434739A44310CB17E,
				E4B83AB0CD765FE9A893B841,
				43269E7B8FA7BF40B55404E1,
				9AA5ACB43D75D718D1D16B1E,
				167269CB4D148F8798D9FE23,
				DA3C6CA0B69C630A79AAB6FE,
				F687ABFD320ED8F7494336AB,
				D600631B51AD273F6E2D7F92,
				99F8B7CF1F50B336192CD3FA,
				D50EA7BFEDBE0DB7D353D9A1,
				E5BC37445419CCDC9A21E3AB,
				8D0290B779E10141A72692AF,
				68EB658E314D29C5272125F7,
				E7545CCAEB8945B676D67DF6,
				8C4692341D2989171369C296,
				D378E780FCD2FF4680CF5E6D,
				F8A5824CE4CA1F351CA4B826,
				33E3EB71FAB42C1B5DFB6F79,
				4CA291EE967A9CDB338E14FD,
				488B5BA2D84097998A7E56BB,
				E87B67A6D7DDC0765008F70B,
				09DA1E72737CDFF5EBF24565,
				311E79951666AFFF15643523,
			);
			runOnlyForDeploymentPostprocessing = 0;
		};
/* End PBXSourcesBuildPhase section */

/* Begin XCBuildConfiguration section */
		33B001A5DAE12ECA21908EA9 /* Debug */ = {
			isa = XCBuildConfiguration;
			buildSettings = {
				CLANG_CXX_LANGUAGE_STANDARD = "c++17";
				CLANG_CXX_LIBRARY = "libc++";
				CLANG_LINK_OBJC_RUNTIME = NO;
				COMBINE_HIDPI_IMAGES = YES;
				CONFIGURATION_BUILD_DIR = "$(PROJECT_DIR)/build/$(CONFIGURATION)";
				COPY_PHASE_STRIP = NO;
				EXCLUDED_ARCHS = "";
				GCC_DYNAMIC_NO_PIC = NO;
				GCC_OPTIMIZATION_LEVEL = 0;
				GCC_PREPROCESSOR_DEFINITIONS = (
					"_DEBUG=1",
					"DEBUG=1",
					"JUCE_DISPLAY_SPLASH_SCREEN=0",
					"JUCE_USE_DARK_SPLASH_SCREEN=1",
					"JUCE_PROJUCER_VERSION=0x70008",
					"JUCE_MODULE_AVAILABLE_juce_analytics=1",
					"JUCE_MODULE_AVAILABLE_juce_audio_basics=1",
					"JUCE_MODULE_AVAILABLE_juce_audio_devices=1",
					"JUCE_MODULE_AVAILABLE_juce_audio_formats=1",
					"JUCE_MODULE_AVAILABLE_juce_audio_processors=1",
					"JUCE_MODULE_AVAILABLE_juce_audio_utils=1",
					"JUCE_MODULE_AVAILABLE_juce_core=1",
					"JUCE_MODULE_AVAILABLE_juce_data_structures=1",
					"JUCE_MODULE_AVAILABLE_juce_dsp=1",
					"JUCE_MODULE_AVAILABLE_juce_events=1",
					"JUCE_MODULE_AVAILABLE_juce_graphics=1",
					"JUCE_MODULE_AVAILABLE_juce_gui_basics=1",
					"JUCE_MODULE_AVAILABLE_juce_gui_extra=1",
					"JUCE_GLOBAL_MODULE_SETTINGS_INCLUDED=1",
					"JUCE_STRICT_REFCOUNTEDPOINTER=1",
					"JUCE_STANDALONE_APPLICATION=1",
					"LINK_PLATFORM_MACOSX=1",
					"JUCER_XCODE_MAC_F6D2F4CF=1",
					"JUCE_APP_VERSION=1.0.0",
					"JUCE_APP_VERSION_HEX=0x10000",
					"JucePlugin_Build_VST=0",
					"JucePlugin_Build_VST3=0",
					"JucePlugin_Build_AU=0",
					"JucePlugin_Build_AUv3=0",
					"JucePlugin_Build_AAX=0",
					"JucePlugin_Build_Standalone=0",
					"JucePlugin_Build_Unity=0",
					"JucePlugin_Build_LV2=0",
				);
				GCC_VERSION = com.apple.compilers.llvm.clang.1_0;
				HEADER_SEARCH_PATHS = (
					"$(SRCROOT)/../../JuceLibraryCode",
					"$(SRCROOT)/../../../Submodules/juce/modules",
					"$(SRCROOT)/../../Source",
					"$(SRCROOT)/../../../Submodules/json/include/",
					"$(SRCROOT)/../../../Submodules/link/include/",
					"$(SRCROOT)/../../../Submodules/link/modules/asio-standalone/asio/include",
					"$(inherited)",
				);
				INFOPLIST_FILE = Info-App.plist;
				INFOPLIST_PREPROCESS = NO;
				INSTALL_PATH = "$(HOME)/Applications";
				MACOSX_DEPLOYMENT_TARGET = 10.13;
				MTL_HEADER_SEARCH_PATHS = "$(SRCROOT)/../../JuceLibraryCode $(SRCROOT)/../../../Submodules/juce/modules $(SRCROOT)/../../Source $(SRCROOT)/../../../Submodules/json/include/ $(SRCROOT)/../../../Submodules/link/include/ $(SRCROOT)/../../../Submodules/link/modules/asio-standalone/asio/include";
				PRODUCT_BUNDLE_IDENTIFIER = com.yourcompany.AppAudium;
				PRODUCT_NAME = "AppAudium";
				USE_HEADERMAP = NO;
				VALID_ARCHS = "i386 x86_64 arm64 arm64e";
			};
			name = Debug;
		};
		8F29FB186CD5A2978E458036 /* Release */ = {
			isa = XCBuildConfiguration;
			buildSettings = {
				ALWAYS_SEARCH_USER_PATHS = NO;
				CLANG_ENABLE_OBJC_WEAK = YES;
				CLANG_WARN_BLOCK_CAPTURE_AUTORELEASING = YES;
				CLANG_WARN_BOOL_CONVERSION = YES;
				CLANG_WARN_COMMA = YES;
				CLANG_WARN_CONSTANT_CONVERSION = YES;
				CLANG_WARN_DEPRECATED_OBJC_IMPLEMENTATIONS = YES;
				CLANG_WARN_EMPTY_BODY = YES;
				CLANG_WARN_ENUM_CONVERSION = YES;
				CLANG_WARN_INFINITE_RECURSION = YES;
				CLANG_WARN_INT_CONVERSION = YES;
				CLANG_WARN_NON_LITERAL_NULL_CONVERSION = YES;
				CLANG_WARN_OBJC_IMPLICIT_RETAIN_SELF = YES;
				CLANG_WARN_OBJC_LITERAL_CONVERSION = YES;
				CLANG_WARN_RANGE_LOOP_ANALYSIS = YES;
				CLANG_WARN_STRICT_PROTOTYPES = YES;
				CLANG_WARN_SUSPICIOUS_MOVE = YES;
				CLANG_WARN_UNREACHABLE_CODE = YES;
				CLANG_WARN__DUPLICATE_METHOD_MATCH = YES;
				DEBUG_INFORMATION_FORMAT = dwarf;
				ENABLE_STRICT_OBJC_MSGSEND = YES;
				ENABLE_TESTABILITY = NO;
				GCC_C_LANGUAGE_STANDARD = c11;
				GCC_INLINES_ARE_PRIVATE_EXTERN = YES;
				GCC_MODEL_TUNING = G5;
				GCC_NO_COMMON_BLOCKS = YES;
				GCC_SYMBOLS_PRIVATE_EXTERN = YES;
				GCC_WARN_64_TO_32_BIT_CONVERSION = YES;
				GCC_WARN_ABOUT_RETURN_TYPE = YES;
				GCC_WARN_CHECK_SWITCH_STATEMENTS = YES;
				GCC_WARN_MISSING_PARENTHESES = YES;
				GCC_WARN_NON_VIRTUAL_DESTRUCTOR = YES;
				GCC_WARN_TYPECHECK_CALLS_TO_PRINTF = YES;
				GCC_WARN_UNDECLARED_SELECTOR = YES;
				GCC_WARN_UNINITIALIZED_AUTOS = YES;
				GCC_WARN_UNUSED_FUNCTION = YES;
				GCC_WARN_UNUSED_VARIABLE = YES;
				PRODUCT_NAME = "AppAudium";
				SDKROOT = macosx;
				WARNING_CFLAGS = "-Wreorder";
				ZERO_LINK = NO;
			};
			name = Release;
		};
		C48A1A4CF6C53C0AD75F0179 /* Debug */ = {
			isa = XCBuildConfiguration;
			buildSettings = {
				ALWAYS_SEARCH_USER_PATHS = NO;
				CLANG_ENABLE_OBJC_WEAK = YES;
				CLANG_WARN_BLOCK_CAPTURE_AUTORELEASING = YES;
				CLANG_WARN_BOOL_CONVERSION = YES;
				CLANG_WARN_COMMA = YES;
				CLANG_WARN_CONSTANT_CONVERSION = YES;
				CLANG_WARN_DEPRECATED_OBJC_IMPLEMENTATIONS = YES;
				CLANG_WARN_EMPTY_BODY = YES;
				CLANG_WARN_ENUM_CONVERSION = YES;
				CLANG_WARN_INFINITE_RECURSION = YES;
				CLANG_WARN_INT_CONVERSION = YES;
				CLANG_WARN_NON_LITERAL_NULL_CONVERSION = YES;
				CLANG_WARN_OBJC_IMPLICIT_RETAIN_SELF = YES;
				CLANG_WARN_OBJC_LITERAL_CONVERSION = YES;
				CLANG_WARN_RANGE_LOOP_ANALYSIS = YES;
				CLANG_WARN_STRICT_PROTOTYPES = YES;
				CLANG_WARN_SUSPICIOUS_MOVE = YES;
				CLANG_WARN_UNREACHABLE_CODE = YES;
				CLANG_WARN__DUPLICATE_METHOD_MATCH = YES;
				DEBUG_INFORMATION_FORMAT = dwarf;
				ENABLE_STRICT_OBJC_MSGSEND = YES;
				ENABLE_TESTABILITY = NO;
				GCC_C_LANGUAGE_STANDARD = c11;
				GCC_INLINES_ARE_PRIVATE_EXTERN = YES;
				GCC_MODEL_TUNING = G5;
				GCC_NO_COMMON_BLOCKS = YES;
				GCC_SYMBOLS_PRIVATE_EXTERN = YES;
				GCC_WARN_64_TO_32_BIT_CONVERSION = YES;
				GCC_WARN_ABOUT_RETURN_TYPE = YES;
				GCC_WARN_CHECK_SWITCH_STATEMENTS = YES;
				GCC_WARN_MISSING_PARENTHESES = YES;
				GCC_WARN_NON_VIRTUAL_DESTRUCTOR = YES;
				GCC_WARN_TYPECHECK_CALLS_TO_PRINTF = YES;
				GCC_WARN_UNDECLARED_SELECTOR = YES;
				GCC_WARN_UNINITIALIZED_AUTOS = YES;
				GCC_WARN_UNUSED_FUNCTION = YES;
				GCC_WARN_UNUSED_VARIABLE = YES;
				ONLY_ACTIVE_ARCH = YES;
				PRODUCT_NAME = "AppAudium";
				SDKROOT = macosx;
				WARNING_CFLAGS = "-Wreorder";
				ZERO_LINK = NO;
			};
			name = Debug;
		};
		DA9C7547CEEDDB4D491338DD /* Release */ = {
			isa = XCBuildConfiguration;
			buildSettings = {
				CLANG_CXX_LANGUAGE_STANDARD = "c++17";
				CLANG_CXX_LIBRARY = "libc++";
				CLANG_LINK_OBJC_RUNTIME = NO;
				COMBINE_HIDPI_IMAGES = YES;
				CONFIGURATION_BUILD_DIR = "$(PROJECT_DIR)/build/$(CONFIGURATION)";
				DEAD_CODE_STRIPPING = YES;
				EXCLUDED_ARCHS = "";
				GCC_GENERATE_DEBUGGING_SYMBOLS = NO;
				GCC_OPTIMIZATION_LEVEL = 3;
				GCC_PREPROCESSOR_DEFINITIONS = (
					"_NDEBUG=1",
					"NDEBUG=1",
					"JUCE_DISPLAY_SPLASH_SCREEN=0",
					"JUCE_USE_DARK_SPLASH_SCREEN=1",
					"JUCE_PROJUCER_VERSION=0x70008",
					"JUCE_MODULE_AVAILABLE_juce_analytics=1",
					"JUCE_MODULE_AVAILABLE_juce_audio_basics=1",
					"JUCE_MODULE_AVAILABLE_juce_audio_devices=1",
					"JUCE_MODULE_AVAILABLE_juce_audio_formats=1",
					"JUCE_MODULE_AVAILABLE_juce_audio_processors=1",
					"JUCE_MODULE_AVAILABLE_juce_audio_utils=1",
					"JUCE_MODULE_AVAILABLE_juce_core=1",
					"JUCE_MODULE_AVAILABLE_juce_data_structures=1",
					"JUCE_MODULE_AVAILABLE_juce_dsp=1",
					"JUCE_MODULE_AVAILABLE_juce_events=1",
					"JUCE_MODULE_AVAILABLE_juce_graphics=1",
					"JUCE_MODULE_AVAILABLE_juce_gui_basics=1",
					"JUCE_MODULE_AVAILABLE_juce_gui_extra=1",
					"JUCE_GLOBAL_MODULE_SETTINGS_INCLUDED=1",
					"JUCE_STRICT_REFCOUNTEDPOINTER=1",
					"JUCE_STANDALONE_APPLICATION=1",
					"LINK_PLATFORM_MACOSX=1",
					"JUCER_XCODE_MAC_F6D2F4CF=1",
					"JUCE_APP_VERSION=1.0.0",
					"JUCE_APP_VERSION_HEX=0x10000",
					"JucePlugin_Build_VST=0",
					"JucePlugin_Build_VST3=0",
					"JucePlugin_Build_AU=0",
					"JucePlugin_Build_AUv3=0",
					"JucePlugin_Build_AAX=0",
					"JucePlugin_Build_Standalone=0",
					"JucePlugin_Build_Unity=0",
					"JucePlugin_Build_LV2=0",
				);
				GCC_VERSION = com.apple.compilers.llvm.clang.1_0;
				HEADER_SEARCH_PATHS = (
					"$(SRCROOT)/../../JuceLibraryCode",
					"$(SRCROOT)/../../../Submodules/juce/modules",
					"$(SRCROOT)/../../Source",
					"$(SRCROOT)/../../../Submodules/json/include/",
					"$(SRCROOT)/../../../Submodules/link/include/",
					"$(SRCROOT)/../../../Submodules/link/modules/asio-standalone/asio/include",
					"$(inherited)",
				);
				INFOPLIST_FILE = Info-App.plist;
				INFOPLIST_PREPROCESS = NO;
				INSTALL_PATH = "$(HOME)/Applications";
				LLVM_LTO = YES;
				MACOSX_DEPLOYMENT_TARGET = 10.13;
				MTL_HEADER_SEARCH_PATHS = "$(SRCROOT)/../../JuceLibraryCode $(SRCROOT)/../../../Submodules/juce/modules $(SRCROOT)/../../Source $(SRCROOT)/../../../Submodules/json/include/ $(SRCROOT)/../../../Submodules/link/include/ $(SRCROOT)/../../../Submodules/link/modules/asio-standalone/asio/include";
				PRODUCT_BUNDLE_IDENTIFIER = com.yourcompany.AppAudium;
				PRODUCT_NAME = "AppAudium";
				USE_HEADERMAP = NO;
				VALID_ARCHS = "i386 x86_64 arm64 arm64e";
			};
			name = Release;
		};
/* End XCBuildConfiguration section */

/* Begin XCConfigurationList section */
		6440EBB1BB49FAAE58F0C9DA = {
			isa = XCConfigurationList;
			buildConfigurations = (
				8F29FB186CD5A2978E458036,
				C48A1A4CF6C53C0AD75F0179,
			);
			defaultConfigurationIsVisible = 0;
			defaultConfigurationName = Debug;
		};
		66BF60B8279443CECE420811 = {
			isa = XCConfigurationList;
			buildConfigurations = (
				33B001A5DAE12ECA21908EA9,
				DA9C7547CEEDDB4D491338DD,
			);
			defaultConfigurationIsVisible = 0;
			defaultConfigurationName = Debug;
		};
/* End XCConfigurationList section */
	};
	rootObject = D077A37D185BC275BFDA9647 /* Project object */;
}
